
Microsoft Visual Studio Solution File, Format Version 12.00
# Visual Studio Version 17
VisualStudioVersion = 17.5.33424.131
MinimumVisualStudioVersion = 10.0.40219.1
Project("{8BC9CEB8-8B4A-11D0-8D11-00A0C91BC942}") = "001_AR47Start", "001_AR47Start\001_AR47Start.vcxproj", "{DF11E7DD-564F-4B79-96C5-453840400213}"
EndProject
Project("{8BC9CEB8-8B4A-11D0-8D11-00A0C91BC942}") = "002_Compaile", "002_Compaile\002_Compaile.vcxproj", "{DC690672-8AA5-42AA-9F35-1543AAA3398E}"
EndProject
Project("{8BC9CEB8-8B4A-11D0-8D11-00A0C91BC942}") = "003_MainFunction", "003_MainFunction\003_MainFunction.vcxproj", "{03ED2A3D-7B5F-4367-83A1-FD2AF148E585}"
EndProject
Project("{8BC9CEB8-8B4A-11D0-8D11-00A0C91BC942}") = "004_Var", "004_Var\004_Var.vcxproj", "{0F0EDA62-CE06-4FD4-86BB-61E706A62FFD}"
EndProject
Project("{2150E333-8FDC-42A3-9474-1A3956D46DE8}") = "Doc", "Doc", "{85AB981F-428C-4D02-8A99-840E546D94CD}"
	ProjectSection(SolutionItems) = preProject
		용어설명.txt = 용어설명.txt
	EndProjectSection
EndProject
Project("{8BC9CEB8-8B4A-11D0-8D11-00A0C91BC942}") = "005_Operator000", "005_Operator000\005_Operator000.vcxproj", "{C01C3F73-E593-4192-992B-FFE9FADD0B8D}"
EndProject
Project("{8BC9CEB8-8B4A-11D0-8D11-00A0C91BC942}") = "006_InitOrCopy", "006_InitOrCopy\006_InitOrCopy.vcxproj", "{F9D0AA4B-515D-481C-B958-1B9D2031CDED}"
EndProject
Project("{8BC9CEB8-8B4A-11D0-8D11-00A0C91BC942}") = "007_Operator001", "007_Operator001\007_Operator001.vcxproj", "{3854E127-E00A-4CC7-B85A-54E1D9A2478A}"
EndProject
Project("{8BC9CEB8-8B4A-11D0-8D11-00A0C91BC942}") = "008_Bit", "008_Bit\008_Bit.vcxproj", "{4F8FBE97-1D5E-4831-971D-BBF90221AE64}"
EndProject
Project("{8BC9CEB8-8B4A-11D0-8D11-00A0C91BC942}") = "009_Semicolon", "009_Semicolon\009_Semicolon.vcxproj", "{C025076B-5681-4DBA-B487-CCBDA71A3F0E}"
EndProject
Project("{8BC9CEB8-8B4A-11D0-8D11-00A0C91BC942}") = "010_Operator002", "010_Operator002\010_Operator002.vcxproj", "{068B501D-B178-4BE8-8E74-AA5C11B68147}"
EndProject
Project("{8BC9CEB8-8B4A-11D0-8D11-00A0C91BC942}") = "011_Operator003", "011_Operator003\011_Operator003.vcxproj", "{CB31F06B-32BB-4D2C-949E-C99FB6551953}"
EndProject
Global
	GlobalSection(SolutionConfigurationPlatforms) = preSolution
		Debug|x64 = Debug|x64
		Debug|x86 = Debug|x86
		Release|x64 = Release|x64
		Release|x86 = Release|x86
	EndGlobalSection
	GlobalSection(ProjectConfigurationPlatforms) = postSolution
		{DF11E7DD-564F-4B79-96C5-453840400213}.Debug|x64.ActiveCfg = Debug|x64
		{DF11E7DD-564F-4B79-96C5-453840400213}.Debug|x64.Build.0 = Debug|x64
		{DF11E7DD-564F-4B79-96C5-453840400213}.Debug|x86.ActiveCfg = Debug|Win32
		{DF11E7DD-564F-4B79-96C5-453840400213}.Debug|x86.Build.0 = Debug|Win32
		{DF11E7DD-564F-4B79-96C5-453840400213}.Release|x64.ActiveCfg = Release|x64
		{DF11E7DD-564F-4B79-96C5-453840400213}.Release|x64.Build.0 = Release|x64
		{DF11E7DD-564F-4B79-96C5-453840400213}.Release|x86.ActiveCfg = Release|Win32
		{DF11E7DD-564F-4B79-96C5-453840400213}.Release|x86.Build.0 = Release|Win32
		{DC690672-8AA5-42AA-9F35-1543AAA3398E}.Debug|x64.ActiveCfg = Debug|x64
		{DC690672-8AA5-42AA-9F35-1543AAA3398E}.Debug|x64.Build.0 = Debug|x64
		{DC690672-8AA5-42AA-9F35-1543AAA3398E}.Debug|x86.ActiveCfg = Debug|Win32
		{DC690672-8AA5-42AA-9F35-1543AAA3398E}.Debug|x86.Build.0 = Debug|Win32
		{DC690672-8AA5-42AA-9F35-1543AAA3398E}.Release|x64.ActiveCfg = Release|x64
		{DC690672-8AA5-42AA-9F35-1543AAA3398E}.Release|x64.Build.0 = Release|x64
		{DC690672-8AA5-42AA-9F35-1543AAA3398E}.Release|x86.ActiveCfg = Release|Win32
		{DC690672-8AA5-42AA-9F35-1543AAA3398E}.Release|x86.Build.0 = Release|Win32
		{03ED2A3D-7B5F-4367-83A1-FD2AF148E585}.Debug|x64.ActiveCfg = Debug|x64
		{03ED2A3D-7B5F-4367-83A1-FD2AF148E585}.Debug|x64.Build.0 = Debug|x64
		{03ED2A3D-7B5F-4367-83A1-FD2AF148E585}.Debug|x86.ActiveCfg = Debug|Win32
		{03ED2A3D-7B5F-4367-83A1-FD2AF148E585}.Debug|x86.Build.0 = Debug|Win32
		{03ED2A3D-7B5F-4367-83A1-FD2AF148E585}.Release|x64.ActiveCfg = Release|x64
		{03ED2A3D-7B5F-4367-83A1-FD2AF148E585}.Release|x64.Build.0 = Release|x64
		{03ED2A3D-7B5F-4367-83A1-FD2AF148E585}.Release|x86.ActiveCfg = Release|Win32
		{03ED2A3D-7B5F-4367-83A1-FD2AF148E585}.Release|x86.Build.0 = Release|Win32
		{0F0EDA62-CE06-4FD4-86BB-61E706A62FFD}.Debug|x64.ActiveCfg = Debug|x64
		{0F0EDA62-CE06-4FD4-86BB-61E706A62FFD}.Debug|x64.Build.0 = Debug|x64
		{0F0EDA62-CE06-4FD4-86BB-61E706A62FFD}.Debug|x86.ActiveCfg = Debug|Win32
		{0F0EDA62-CE06-4FD4-86BB-61E706A62FFD}.Debug|x86.Build.0 = Debug|Win32
		{0F0EDA62-CE06-4FD4-86BB-61E706A62FFD}.Release|x64.ActiveCfg = Release|x64
		{0F0EDA62-CE06-4FD4-86BB-61E706A62FFD}.Release|x64.Build.0 = Release|x64
		{0F0EDA62-CE06-4FD4-86BB-61E706A62FFD}.Release|x86.ActiveCfg = Release|Win32
		{0F0EDA62-CE06-4FD4-86BB-61E706A62FFD}.Release|x86.Build.0 = Release|Win32
		{C01C3F73-E593-4192-992B-FFE9FADD0B8D}.Debug|x64.ActiveCfg = Debug|x64
		{C01C3F73-E593-4192-992B-FFE9FADD0B8D}.Debug|x64.Build.0 = Debug|x64
		{C01C3F73-E593-4192-992B-FFE9FADD0B8D}.Debug|x86.ActiveCfg = Debug|Win32
		{C01C3F73-E593-4192-992B-FFE9FADD0B8D}.Debug|x86.Build.0 = Debug|Win32
		{C01C3F73-E593-4192-992B-FFE9FADD0B8D}.Release|x64.ActiveCfg = Release|x64
		{C01C3F73-E593-4192-992B-FFE9FADD0B8D}.Release|x64.Build.0 = Release|x64
		{C01C3F73-E593-4192-992B-FFE9FADD0B8D}.Release|x86.ActiveCfg = Release|Win32
		{C01C3F73-E593-4192-992B-FFE9FADD0B8D}.Release|x86.Build.0 = Release|Win32
		{F9D0AA4B-515D-481C-B958-1B9D2031CDED}.Debug|x64.ActiveCfg = Debug|x64
		{F9D0AA4B-515D-481C-B958-1B9D2031CDED}.Debug|x64.Build.0 = Debug|x64
		{F9D0AA4B-515D-481C-B958-1B9D2031CDED}.Debug|x86.ActiveCfg = Debug|Win32
		{F9D0AA4B-515D-481C-B958-1B9D2031CDED}.Debug|x86.Build.0 = Debug|Win32
		{F9D0AA4B-515D-481C-B958-1B9D2031CDED}.Release|x64.ActiveCfg = Release|x64
		{F9D0AA4B-515D-481C-B958-1B9D2031CDED}.Release|x64.Build.0 = Release|x64
		{F9D0AA4B-515D-481C-B958-1B9D2031CDED}.Release|x86.ActiveCfg = Release|Win32
		{F9D0AA4B-515D-481C-B958-1B9D2031CDED}.Release|x86.Build.0 = Release|Win32
		{3854E127-E00A-4CC7-B85A-54E1D9A2478A}.Debug|x64.ActiveCfg = Debug|x64
		{3854E127-E00A-4CC7-B85A-54E1D9A2478A}.Debug|x64.Build.0 = Debug|x64
		{3854E127-E00A-4CC7-B85A-54E1D9A2478A}.Debug|x86.ActiveCfg = Debug|Win32
		{3854E127-E00A-4CC7-B85A-54E1D9A2478A}.Debug|x86.Build.0 = Debug|Win32
		{3854E127-E00A-4CC7-B85A-54E1D9A2478A}.Release|x64.ActiveCfg = Release|x64
		{3854E127-E00A-4CC7-B85A-54E1D9A2478A}.Release|x64.Build.0 = Release|x64
		{3854E127-E00A-4CC7-B85A-54E1D9A2478A}.Release|x86.ActiveCfg = Release|Win32
		{3854E127-E00A-4CC7-B85A-54E1D9A2478A}.Release|x86.Build.0 = Release|Win32
		{4F8FBE97-1D5E-4831-971D-BBF90221AE64}.Debug|x64.ActiveCfg = Debug|x64
		{4F8FBE97-1D5E-4831-971D-BBF90221AE64}.Debug|x64.Build.0 = Debug|x64
		{4F8FBE97-1D5E-4831-971D-BBF90221AE64}.Debug|x86.ActiveCfg = Debug|Win32
		{4F8FBE97-1D5E-4831-971D-BBF90221AE64}.Debug|x86.Build.0 = Debug|Win32
		{4F8FBE97-1D5E-4831-971D-BBF90221AE64}.Release|x64.ActiveCfg = Release|x64
		{4F8FBE97-1D5E-4831-971D-BBF90221AE64}.Release|x64.Build.0 = Release|x64
		{4F8FBE97-1D5E-4831-971D-BBF90221AE64}.Release|x86.ActiveCfg = Release|Win32
		{4F8FBE97-1D5E-4831-971D-BBF90221AE64}.Release|x86.Build.0 = Release|Win32
		{C025076B-5681-4DBA-B487-CCBDA71A3F0E}.Debug|x64.ActiveCfg = Debug|x64
		{C025076B-5681-4DBA-B487-CCBDA71A3F0E}.Debug|x64.Build.0 = Debug|x64
		{C025076B-5681-4DBA-B487-CCBDA71A3F0E}.Debug|x86.ActiveCfg = Debug|Win32
		{C025076B-5681-4DBA-B487-CCBDA71A3F0E}.Debug|x86.Build.0 = Debug|Win32
		{C025076B-5681-4DBA-B487-CCBDA71A3F0E}.Release|x64.ActiveCfg = Release|x64
		{C025076B-5681-4DBA-B487-CCBDA71A3F0E}.Release|x64.Build.0 = Release|x64
		{C025076B-5681-4DBA-B487-CCBDA71A3F0E}.Release|x86.ActiveCfg = Release|Win32
		{C025076B-5681-4DBA-B487-CCBDA71A3F0E}.Release|x86.Build.0 = Release|Win32
		{068B501D-B178-4BE8-8E74-AA5C11B68147}.Debug|x64.ActiveCfg = Debug|x64
		{068B501D-B178-4BE8-8E74-AA5C11B68147}.Debug|x64.Build.0 = Debug|x64
		{068B501D-B178-4BE8-8E74-AA5C11B68147}.Debug|x86.ActiveCfg = Debug|Win32
		{068B501D-B178-4BE8-8E74-AA5C11B68147}.Debug|x86.Build.0 = Debug|Win32
		{068B501D-B178-4BE8-8E74-AA5C11B68147}.Release|x64.ActiveCfg = Release|x64
		{068B501D-B178-4BE8-8E74-AA5C11B68147}.Release|x64.Build.0 = Release|x64
		{068B501D-B178-4BE8-8E74-AA5C11B68147}.Release|x86.ActiveCfg = Release|Win32
		{068B501D-B178-4BE8-8E74-AA5C11B68147}.Release|x86.Build.0 = Release|Win32
		{CB31F06B-32BB-4D2C-949E-C99FB6551953}.Debug|x64.ActiveCfg = Debug|x64
		{CB31F06B-32BB-4D2C-949E-C99FB6551953}.Debug|x64.Build.0 = Debug|x64
		{CB31F06B-32BB-4D2C-949E-C99FB6551953}.Debug|x86.ActiveCfg = Debug|Win32
		{CB31F06B-32BB-4D2C-949E-C99FB6551953}.Debug|x86.Build.0 = Debug|Win32
		{CB31F06B-32BB-4D2C-949E-C99FB6551953}.Release|x64.ActiveCfg = Release|x64
		{CB31F06B-32BB-4D2C-949E-C99FB6551953}.Release|x64.Build.0 = Release|x64
		{CB31F06B-32BB-4D2C-949E-C99FB6551953}.Release|x86.ActiveCfg = Release|Win32
		{CB31F06B-32BB-4D2C-949E-C99FB6551953}.Release|x86.Build.0 = Release|Win32
	EndGlobalSection
	GlobalSection(SolutionProperties) = preSolution
		HideSolutionNode = FALSE
	EndGlobalSection
	GlobalSection(ExtensibilityGlobals) = postSolution
		SolutionGuid = {405EF82A-9D08-4308-9943-5DA02BB57705}
	EndGlobalSection
EndGlobal
