
Microsoft Visual Studio Solution File, Format Version 12.00
# Visual Studio Version 17
VisualStudioVersion = 17.5.33424.131
MinimumVisualStudioVersion = 10.0.40219.1
Project("{8BC9CEB8-8B4A-11D0-8D11-00A0C91BC942}") = "001_AR47Start", "001_AR47Start\001_AR47Start.vcxproj", "{DF11E7DD-564F-4B79-96C5-453840400213}"
EndProject
Project("{8BC9CEB8-8B4A-11D0-8D11-00A0C91BC942}") = "002_Compaile", "002_Compaile\002_Compaile.vcxproj", "{DC690672-8AA5-42AA-9F35-1543AAA3398E}"
EndProject
Project("{8BC9CEB8-8B4A-11D0-8D11-00A0C91BC942}") = "003_MainFunction", "003_MainFunction\003_MainFunction.vcxproj", "{03ED2A3D-7B5F-4367-83A1-FD2AF148E585}"
EndProject
Project("{8BC9CEB8-8B4A-11D0-8D11-00A0C91BC942}") = "004_Var", "004_Var\004_Var.vcxproj", "{0F0EDA62-CE06-4FD4-86BB-61E706A62FFD}"
EndProject
Project("{2150E333-8FDC-42A3-9474-1A3956D46DE8}") = "Doc", "Doc", "{85AB981F-428C-4D02-8A99-840E546D94CD}"
	ProjectSection(SolutionItems) = preProject
		객체지향.txt = 객체지향.txt
		구조Level의 의미.txt = 구조Level의 의미.txt
		단축키.txt = 단축키.txt
		메모리 영역.txt = 메모리 영역.txt
		용어설명.txt = 용어설명.txt
		컴파일과정.txt = 컴파일과정.txt
		클래스디폴트.txt = 클래스디폴트.txt
	EndProjectSection
EndProject
Project("{8BC9CEB8-8B4A-11D0-8D11-00A0C91BC942}") = "005_Operator000", "005_Operator000\005_Operator000.vcxproj", "{C01C3F73-E593-4192-992B-FFE9FADD0B8D}"
EndProject
Project("{8BC9CEB8-8B4A-11D0-8D11-00A0C91BC942}") = "006_InitOrCopy", "006_InitOrCopy\006_InitOrCopy.vcxproj", "{F9D0AA4B-515D-481C-B958-1B9D2031CDED}"
EndProject
Project("{8BC9CEB8-8B4A-11D0-8D11-00A0C91BC942}") = "007_Operator001", "007_Operator001\007_Operator001.vcxproj", "{3854E127-E00A-4CC7-B85A-54E1D9A2478A}"
EndProject
Project("{8BC9CEB8-8B4A-11D0-8D11-00A0C91BC942}") = "008_Bit", "008_Bit\008_Bit.vcxproj", "{4F8FBE97-1D5E-4831-971D-BBF90221AE64}"
EndProject
Project("{8BC9CEB8-8B4A-11D0-8D11-00A0C91BC942}") = "009_Semicolon", "009_Semicolon\009_Semicolon.vcxproj", "{C025076B-5681-4DBA-B487-CCBDA71A3F0E}"
EndProject
Project("{8BC9CEB8-8B4A-11D0-8D11-00A0C91BC942}") = "010_Operator002", "010_Operator002\010_Operator002.vcxproj", "{068B501D-B178-4BE8-8E74-AA5C11B68147}"
EndProject
Project("{8BC9CEB8-8B4A-11D0-8D11-00A0C91BC942}") = "011_Operator003", "011_Operator003\011_Operator003.vcxproj", "{CB31F06B-32BB-4D2C-949E-C99FB6551953}"
EndProject
Project("{8BC9CEB8-8B4A-11D0-8D11-00A0C91BC942}") = "012_FunctionAndMemory", "012_FunctionAndMemory\012_FunctionAndMemory.vcxproj", "{54ED1C84-F253-4742-ABDA-12E3255FEF33}"
EndProject
Project("{8BC9CEB8-8B4A-11D0-8D11-00A0C91BC942}") = "013_Function", "013_Function\013_Function.vcxproj", "{0E339958-774B-4F7F-8139-A4D195275DB3}"
EndProject
Project("{8BC9CEB8-8B4A-11D0-8D11-00A0C91BC942}") = "014_Unsigned", "014_Unsigned\014_Unsigned.vcxproj", "{4CA3C72E-6EF9-4871-B789-48CC6DA171A6}"
EndProject
Project("{8BC9CEB8-8B4A-11D0-8D11-00A0C91BC942}") = "015_Charactor", "015_Charactor\015_Charactor.vcxproj", "{8E3F19A5-8D14-45C1-8EED-F7F1F32BBC23}"
EndProject
Project("{8BC9CEB8-8B4A-11D0-8D11-00A0C91BC942}") = "016_ArraryToString", "016_ArraryToString\016_ArraryToString.vcxproj", "{7499F180-FAAA-4C43-B78D-88CC68C19FAE}"
EndProject
Project("{8BC9CEB8-8B4A-11D0-8D11-00A0C91BC942}") = "017_Printf", "017_Printf\017_Printf.vcxproj", "{494579DD-91BD-43E5-8805-9D410520F01F}"
EndProject
Project("{8BC9CEB8-8B4A-11D0-8D11-00A0C91BC942}") = "018_const001", "018_const\018_const.vcxproj", "{5957FEC6-2E5D-4E0F-9C1B-7F1947BBE23D}"
EndProject
Project("{8BC9CEB8-8B4A-11D0-8D11-00A0C91BC942}") = "019_inline001", "019_inline\019_inline.vcxproj", "{909838C7-F7F9-4FDC-9964-161814964066}"
EndProject
Project("{8BC9CEB8-8B4A-11D0-8D11-00A0C91BC942}") = "020_Pointer000", "020_Pointer\020_Pointer.vcxproj", "{97377B58-480D-4890-9CD7-3CE0F5F6D2E2}"
EndProject
Project("{8BC9CEB8-8B4A-11D0-8D11-00A0C91BC942}") = "021_Pointer001", "021_Pointer001\021_Pointer001.vcxproj", "{FA3BDE21-AA76-4CEB-8F22-980F6E602A1E}"
EndProject
Project("{8BC9CEB8-8B4A-11D0-8D11-00A0C91BC942}") = "022_PointerOperator", "022_PointerOperator\022_PointerOperator.vcxproj", "{D05D069B-F7A5-4F75-910F-DEFDDF9B9066}"
EndProject
Project("{8BC9CEB8-8B4A-11D0-8D11-00A0C91BC942}") = "023_nullptr", "023_nullptr\023_nullptr.vcxproj", "{0E3D8769-F4D5-4E60-B443-57633BF523AD}"
EndProject
Project("{8BC9CEB8-8B4A-11D0-8D11-00A0C91BC942}") = "024_Reference", "024_Reference\024_Reference.vcxproj", "{E69D7E14-C34B-4E4B-957A-64BD32A7C5CB}"
EndProject
Project("{8BC9CEB8-8B4A-11D0-8D11-00A0C91BC942}") = "025_Const002", "025_Printf001\025_Printf001.vcxproj", "{E37EF8FD-3FC1-49D8-B58D-DDF764BEF4C7}"
EndProject
Project("{8BC9CEB8-8B4A-11D0-8D11-00A0C91BC942}") = "026_TypeChange", "026_TypeChange\026_TypeChange.vcxproj", "{22DC534D-92C5-4901-9810-7F61504D0A3E}"
EndProject
Project("{8BC9CEB8-8B4A-11D0-8D11-00A0C91BC942}") = "027_Printf_s", "027_Printf_s_Craeate\027_Printf_s_Craeate.vcxproj", "{7B3894B9-7D7A-47ED-B3C2-334A96BE5B0C}"
EndProject
Project("{8BC9CEB8-8B4A-11D0-8D11-00A0C91BC942}") = "028_While", "028_While\028_While.vcxproj", "{7C6F3C5A-5C0C-478B-A29B-CCED8EDF1BC4}"
EndProject
Project("{8BC9CEB8-8B4A-11D0-8D11-00A0C91BC942}") = "029_Variableargument", "029_Variableargument\029_Variableargument.vcxproj", "{2ADD3D89-5128-4BFC-872E-58E5D7E22492}"
EndProject
Project("{2150E333-8FDC-42A3-9474-1A3956D46DE8}") = "Homework", "Homework", "{6086D6D8-BA53-4024-B791-8CAC048AA7C5}"
EndProject
Project("{8BC9CEB8-8B4A-11D0-8D11-00A0C91BC942}") = "HomeWork0317", "HomeWork0317\HomeWork0317.vcxproj", "{924874CF-7796-4BCD-81BF-40EAEBA42B3E}"
EndProject
Project("{8BC9CEB8-8B4A-11D0-8D11-00A0C91BC942}") = "030_PointerOperator000", "030_PointerOperator000\030_PointerOperator000.vcxproj", "{21F08115-266A-4938-8C15-07C3388ACCF7}"
EndProject
Project("{8BC9CEB8-8B4A-11D0-8D11-00A0C91BC942}") = "031_If", "031_If\031_If.vcxproj", "{292CE0A7-BB08-4794-A989-741454A18EDF}"
EndProject
Project("{8BC9CEB8-8B4A-11D0-8D11-00A0C91BC942}") = "032_Switch", "032_Switch\032_Switch.vcxproj", "{03B9BB78-AF93-4663-B097-FEA6B52E1839}"
EndProject
Project("{8BC9CEB8-8B4A-11D0-8D11-00A0C91BC942}") = "033_MyPrintf", "033_MyPrintf\033_MyPrintf.vcxproj", "{BADD80BF-B0A0-4B1C-9866-9E6C54DBE3BF}"
EndProject
Project("{8BC9CEB8-8B4A-11D0-8D11-00A0C91BC942}") = "034_Random", "034_Random\034_Random.vcxproj", "{8C6BFA54-B189-4BF6-90B7-B2612BD13BC9}"
EndProject
Project("{8BC9CEB8-8B4A-11D0-8D11-00A0C91BC942}") = "035_For", "035_For\035_For.vcxproj", "{577F681F-DD03-4D0F-9512-29F90DA6F902}"
EndProject
Project("{8BC9CEB8-8B4A-11D0-8D11-00A0C91BC942}") = "036_ Global", "036_ Global\036_ Global.vcxproj", "{4D00F7AC-2EFB-4700-8E73-E251971F5680}"
EndProject
Project("{8BC9CEB8-8B4A-11D0-8D11-00A0C91BC942}") = "037_typedef", "037_typedef\037_typedef.vcxproj", "{331ECC70-D8EB-4D3D-811C-983564EFD68B}"
EndProject
Project("{8BC9CEB8-8B4A-11D0-8D11-00A0C91BC942}") = "038_Class", "038_Class\038_Class.vcxproj", "{57BB7D13-7D2F-4C10-AF1B-84B3554C1D11}"
EndProject
Project("{8BC9CEB8-8B4A-11D0-8D11-00A0C91BC942}") = "039_BreakAndContinue", "039_BreakAndContinue\039_BreakAndContinue.vcxproj", "{1626C4DD-12C9-46AE-8845-6280EDF470D2}"
EndProject
Project("{8BC9CEB8-8B4A-11D0-8D11-00A0C91BC942}") = "040_Class001", "040_Class001\040_Class001.vcxproj", "{476ED837-3631-423D-8AFA-86FF32BE2DA9}"
EndProject
Project("{8BC9CEB8-8B4A-11D0-8D11-00A0C91BC942}") = "041_Class002_UserAccess", "041_Class002_UserAccess\041_Class002_UserAccess.vcxproj", "{F7427079-39FD-4160-8D60-007961DF14A1}"
EndProject
Project("{8BC9CEB8-8B4A-11D0-8D11-00A0C91BC942}") = "042_Class003_Struct", "042_Class003_Struct\042_Class003_Struct.vcxproj", "{C9A8292F-1897-42D2-B22C-B6BB48EBF09F}"
EndProject
Project("{8BC9CEB8-8B4A-11D0-8D11-00A0C91BC942}") = "HomeWork0321", "HomeWork0321\HomeWork0321.vcxproj", "{A993E6E9-AEEB-4C94-86A3-268CCCA7FBE3}"
EndProject
Project("{8BC9CEB8-8B4A-11D0-8D11-00A0C91BC942}") = "043_Arr2d", "043_Arr2d\043_Arr2d.vcxproj", "{E77EB5A1-8FAA-4E7A-9EC4-CC25B4F0C4E6}"
EndProject
Project("{8BC9CEB8-8B4A-11D0-8D11-00A0C91BC942}") = "044_Member", "044_Member\044_Member.vcxproj", "{4E620437-982E-4683-B1D1-3F52E946BA27}"
EndProject
Project("{8BC9CEB8-8B4A-11D0-8D11-00A0C91BC942}") = "045_NameSpace", "045_NameSpace\045_NameSpace.vcxproj", "{51BB52F3-8F05-43F7-AE37-24E9EE2AA519}"
EndProject
Project("{8BC9CEB8-8B4A-11D0-8D11-00A0C91BC942}") = "046_BytePadding", "046_BytePadding\046_BytePadding.vcxproj", "{7114062B-5922-40B2-90DD-E6B911B9E908}"
EndProject
Project("{2150E333-8FDC-42A3-9474-1A3956D46DE8}") = "Etc", "Etc", "{4334B5DA-F72E-4AD2-98F1-D14C3915849B}"
EndProject
Project("{8BC9CEB8-8B4A-11D0-8D11-00A0C91BC942}") = "constEx", "constEx\constEx.vcxproj", "{0D9FDC6F-297C-4010-856D-D238B7E3CF34}"
EndProject
Project("{8BC9CEB8-8B4A-11D0-8D11-00A0C91BC942}") = "047_ClassConstructer", "047_ClassConstructer\047_ClassConstructer.vcxproj", "{1603986C-3C4A-4072-844B-C45A267F9201}"
EndProject
Project("{8BC9CEB8-8B4A-11D0-8D11-00A0C91BC942}") = "048_This", "048_This\048_This.vcxproj", "{301838E7-A6FD-4BB4-B2A7-EC8B86B5B55B}"
EndProject
Project("{8BC9CEB8-8B4A-11D0-8D11-00A0C91BC942}") = "049_ClassObjectPointer", "049_ClassObjectPointer\049_ClassObjectPointer.vcxproj", "{3B72AFFF-DB5B-4286-AD9C-DB36AE0D3041}"
EndProject
Project("{8BC9CEB8-8B4A-11D0-8D11-00A0C91BC942}") = "050_ClassOperator", "050_ClassOperator\050_ClassOperator.vcxproj", "{EA8D482A-6720-41E5-B8B3-92F4628457FC}"
EndProject
Project("{8BC9CEB8-8B4A-11D0-8D11-00A0C91BC942}") = "HomeWork0323", "HomeWork0323\HomeWork0323.vcxproj", "{B939E80D-BA07-4431-94CD-34BC98E7C2D1}"
EndProject
Project("{8BC9CEB8-8B4A-11D0-8D11-00A0C91BC942}") = "051_ClassParameter", "051_ClassParameter\051_ClassParameter.vcxproj", "{92FDF3DA-7BC4-4CE0-9506-65F035C0331B}"
EndProject
Project("{8BC9CEB8-8B4A-11D0-8D11-00A0C91BC942}") = "HomeWork0324", "HomeWork0324\HomeWork0324.vcxproj", "{37D4FBCC-2204-4B41-9EEB-EC4F6D5E4268}"
EndProject
Project("{8BC9CEB8-8B4A-11D0-8D11-00A0C91BC942}") = "052_ClassConst", "052_ClassConst\052_ClassConst.vcxproj", "{59C8A76E-3D33-4CDE-A911-719783CDBC82}"
EndProject
Project("{8BC9CEB8-8B4A-11D0-8D11-00A0C91BC942}") = "053_GlobalValue", "053_GlobalValue\053_GlobalValue.vcxproj", "{94076F6F-2BE0-46C9-AFE6-B72232C8F2A9}"
EndProject
Project("{8BC9CEB8-8B4A-11D0-8D11-00A0C91BC942}") = "HomeWork0327", "HomeWork0327\HomeWork0327.vcxproj", "{837D54BD-CEEB-4D96-AF06-9D54F0FC51CF}"
EndProject
Project("{8BC9CEB8-8B4A-11D0-8D11-00A0C91BC942}") = "054_FunctionOverloading", "054_FunctionOverloading\054_FunctionOverloading.vcxproj", "{3287B313-0491-4917-B88E-0A1DDB48E01E}"
EndProject
Project("{8BC9CEB8-8B4A-11D0-8D11-00A0C91BC942}") = "055_Declaration", "055_Declaration\055_Declaration.vcxproj", "{7A88A9CB-0821-428D-BA64-15807E01DF29}"
EndProject
Project("{8BC9CEB8-8B4A-11D0-8D11-00A0C91BC942}") = "056_ClassDeclaration", "056_ClassDeclaration\056_ClassDeclaration.vcxproj", "{4FA8A44E-89C6-458E-9935-C7002E5DF32E}"
EndProject
Project("{8BC9CEB8-8B4A-11D0-8D11-00A0C91BC942}") = "057_HeaderAndCpp", "057_HeaderAndCpp\057_HeaderAndCpp.vcxproj", "{0C4C581E-FE9F-48F2-82D7-951AC4CB9275}"
EndProject
Project("{8BC9CEB8-8B4A-11D0-8D11-00A0C91BC942}") = "HomeWork0329", "HomeWork0329\HomeWork0329.vcxproj", "{947729C1-034F-40F9-8DC8-00F434D0CF15}"
EndProject
Project("{8BC9CEB8-8B4A-11D0-8D11-00A0C91BC942}") = "HomeWork0330", "HomeWork0330\HomeWork0330.vcxproj", "{9ABE26BF-ABB3-49AF-B029-483B78025549}"
EndProject
Project("{8BC9CEB8-8B4A-11D0-8D11-00A0C91BC942}") = "057_inheritance", "057_inheritance\057_inheritance.vcxproj", "{858181F6-9A15-4E85-A0C2-A772D8E58B41}"
EndProject
Project("{8BC9CEB8-8B4A-11D0-8D11-00A0C91BC942}") = "058_inheritanceMemory", "058_inheritanceMemory\058_inheritanceMemory.vcxproj", "{1F49D49B-A77C-4C57-9D8C-31785612B554}"
EndProject
Project("{8BC9CEB8-8B4A-11D0-8D11-00A0C91BC942}") = "059_ClassDefault", "059_ClassDefault\059_ClassDefault.vcxproj", "{2F3533C9-9E9D-4DE2-804E-6388F264380E}"
EndProject
Project("{8BC9CEB8-8B4A-11D0-8D11-00A0C91BC942}") = "060_FunctionPointer", "060_FunctionPointer\060_FunctionPointer.vcxproj", "{9D6BFDC9-CB44-4E68-A19C-253D243E715E}"
EndProject
Project("{8BC9CEB8-8B4A-11D0-8D11-00A0C91BC942}") = "061_VirtualSize", "061_VirtualSize\061_VirtualSize.vcxproj", "{08FD46B5-8493-42E9-8E04-8565383A5689}"
EndProject
Project("{8BC9CEB8-8B4A-11D0-8D11-00A0C91BC942}") = "062_UpAndDownCasting", "062_UpAndDownCasting\062_UpAndDownCasting.vcxproj", "{BA759AB0-6D36-4985-9C5D-7CC80CCD3083}"
EndProject
Project("{8BC9CEB8-8B4A-11D0-8D11-00A0C91BC942}") = "063_VPtr", "063_VPtr\063_VPtr.vcxproj", "{80692EF2-B821-419D-8644-1C5EE92568B2}"
EndProject
Project("{8BC9CEB8-8B4A-11D0-8D11-00A0C91BC942}") = "064_Heap", "064_Heap\064_Heap.vcxproj", "{E801431B-4B0E-4098-906C-CC8ADF2B70BD}"
EndProject
Project("{8BC9CEB8-8B4A-11D0-8D11-00A0C91BC942}") = "065_DeleteHeap", "065_DeleteHeap\065_DeleteHeap.vcxproj", "{0995CD7F-AC6A-4967-8BEF-8856DFCE0A8D}"
EndProject
Project("{8BC9CEB8-8B4A-11D0-8D11-00A0C91BC942}") = "066_ArrayHeap", "066_ArrayHeap\066_ArrayHeap.vcxproj", "{CCA5E18C-5479-41B6-9534-48A6C4E6D8E6}"
EndProject
Project("{2150E333-8FDC-42A3-9474-1A3956D46DE8}") = "DataStruct", "DataStruct", "{E6F9BEAF-6E6A-4219-98C8-C17ADD60B3D2}"
	ProjectSection(SolutionItems) = preProject
		Stl.txt = Stl.txt
		자료구조.txt = 자료구조.txt
	EndProjectSection
EndProject
Project("{8BC9CEB8-8B4A-11D0-8D11-00A0C91BC942}") = "GameEngineArray", "GameEngineArray\GameEngineArray.vcxproj", "{399EDE3C-4973-4A90-88ED-17B1CA472785}"
EndProject
Project("{8BC9CEB8-8B4A-11D0-8D11-00A0C91BC942}") = "067_Template", "067_Template\067_Template.vcxproj", "{833AEFDC-6484-4F50-8129-3D7CFDE1657D}"
EndProject
Project("{8BC9CEB8-8B4A-11D0-8D11-00A0C91BC942}") = "068_DeepCopyAndShallowCopy", "068_DeepCopyAndShallowCopy\068_DeepCopyAndShallowCopy.vcxproj", "{66D1092E-7E75-4ADD-A9BF-A9B337BC4B02}"
EndProject
Project("{8BC9CEB8-8B4A-11D0-8D11-00A0C91BC942}") = "069_Assert", "069_Assert\069_Assert.vcxproj", "{CB0811F9-1250-43E5-9467-F3E22E12DCB9}"
EndProject
Project("{8BC9CEB8-8B4A-11D0-8D11-00A0C91BC942}") = "070_Define", "070_Define\070_Define.vcxproj", "{45A7907C-6736-4132-93C5-46AF27C59D45}"
EndProject
Project("{2150E333-8FDC-42A3-9474-1A3956D46DE8}") = "Base", "Base", "{E591462C-30BA-4553-8397-AB3B84D50DCB}"
EndProject
Project("{8BC9CEB8-8B4A-11D0-8D11-00A0C91BC942}") = "GameEngineBase", "GameEngineBase\GameEngineBase.vcxproj", "{E16897AC-3622-4BFF-B818-2802E2E611B0}"
EndProject
Project("{8BC9CEB8-8B4A-11D0-8D11-00A0C91BC942}") = "HomeWork0407", "HomeWork0407\HomeWork0407.vcxproj", "{C6F873EE-58BC-4445-9BBD-5E570589DFE8}"
EndProject
Project("{8BC9CEB8-8B4A-11D0-8D11-00A0C91BC942}") = "GameEngineConsole", "GameEngineConsole\GameEngineConsole.vcxproj", "{7501C7BE-CB1D-4440-9018-B0CA19E33488}"
EndProject
Project("{8BC9CEB8-8B4A-11D0-8D11-00A0C91BC942}") = "071_ClassNew", "071_ClassNew\071_ClassNew.vcxproj", "{34B927CB-C0A8-4716-B56D-EEC3BF9EE5A1}"
EndProject
Project("{8BC9CEB8-8B4A-11D0-8D11-00A0C91BC942}") = "072_Enum", "072_Enum\072_Enum.vcxproj", "{E06910D8-8898-482F-85A7-2BBDA386BE6D}"
EndProject
Project("{8BC9CEB8-8B4A-11D0-8D11-00A0C91BC942}") = "GameEngineNode", "GameEngineNode\GameEngineNode.vcxproj", "{EC4AC012-FD15-4BC6-BCEB-7818D0BD93CE}"
EndProject
Project("{8BC9CEB8-8B4A-11D0-8D11-00A0C91BC942}") = "GameEngineVector", "GameEngineVector\GameEngineVector.vcxproj", "{B6363B65-1649-409A-B209-3C9E4A050C6C}"
EndProject
Project("{8BC9CEB8-8B4A-11D0-8D11-00A0C91BC942}") = "GameEngineList", "GameEngineList\GameEngineList.vcxproj", "{18F5C9AD-4D51-4A72-8FEC-24A81B338CE4}"
EndProject
Project("{8BC9CEB8-8B4A-11D0-8D11-00A0C91BC942}") = "073_InnerClass", "073_InnerClass\073_InnerClass.vcxproj", "{D5D393B7-1047-442E-9EEF-F1BE00DC0406}"
EndProject
Project("{8BC9CEB8-8B4A-11D0-8D11-00A0C91BC942}") = "074_Friend", "074_Friend\074_Friend.vcxproj", "{353569F0-4415-4E6D-BF46-28246681824A}"
EndProject
Project("{8BC9CEB8-8B4A-11D0-8D11-00A0C91BC942}") = "075_recursiveFunction", "075_recursiveFunction\075_recursiveFunction.vcxproj", "{E7841068-4836-4E8C-B1CE-AFCE4671A673}"
EndProject
Project("{8BC9CEB8-8B4A-11D0-8D11-00A0C91BC942}") = "076_MyCout", "076_MyCout\076_MyCout.vcxproj", "{CB5E6E9F-B071-48E5-8E70-18927B1A9C6E}"
EndProject
Global
	GlobalSection(SolutionConfigurationPlatforms) = preSolution
		Debug|x64 = Debug|x64
		Debug|x86 = Debug|x86
		Release|x64 = Release|x64
		Release|x86 = Release|x86
	EndGlobalSection
	GlobalSection(ProjectConfigurationPlatforms) = postSolution
		{DF11E7DD-564F-4B79-96C5-453840400213}.Debug|x64.ActiveCfg = Debug|x64
		{DF11E7DD-564F-4B79-96C5-453840400213}.Debug|x64.Build.0 = Debug|x64
		{DF11E7DD-564F-4B79-96C5-453840400213}.Debug|x86.ActiveCfg = Debug|Win32
		{DF11E7DD-564F-4B79-96C5-453840400213}.Debug|x86.Build.0 = Debug|Win32
		{DF11E7DD-564F-4B79-96C5-453840400213}.Release|x64.ActiveCfg = Release|x64
		{DF11E7DD-564F-4B79-96C5-453840400213}.Release|x64.Build.0 = Release|x64
		{DF11E7DD-564F-4B79-96C5-453840400213}.Release|x86.ActiveCfg = Release|Win32
		{DF11E7DD-564F-4B79-96C5-453840400213}.Release|x86.Build.0 = Release|Win32
		{DC690672-8AA5-42AA-9F35-1543AAA3398E}.Debug|x64.ActiveCfg = Debug|x64
		{DC690672-8AA5-42AA-9F35-1543AAA3398E}.Debug|x64.Build.0 = Debug|x64
		{DC690672-8AA5-42AA-9F35-1543AAA3398E}.Debug|x86.ActiveCfg = Debug|Win32
		{DC690672-8AA5-42AA-9F35-1543AAA3398E}.Debug|x86.Build.0 = Debug|Win32
		{DC690672-8AA5-42AA-9F35-1543AAA3398E}.Release|x64.ActiveCfg = Release|x64
		{DC690672-8AA5-42AA-9F35-1543AAA3398E}.Release|x64.Build.0 = Release|x64
		{DC690672-8AA5-42AA-9F35-1543AAA3398E}.Release|x86.ActiveCfg = Release|Win32
		{DC690672-8AA5-42AA-9F35-1543AAA3398E}.Release|x86.Build.0 = Release|Win32
		{03ED2A3D-7B5F-4367-83A1-FD2AF148E585}.Debug|x64.ActiveCfg = Debug|x64
		{03ED2A3D-7B5F-4367-83A1-FD2AF148E585}.Debug|x64.Build.0 = Debug|x64
		{03ED2A3D-7B5F-4367-83A1-FD2AF148E585}.Debug|x86.ActiveCfg = Debug|Win32
		{03ED2A3D-7B5F-4367-83A1-FD2AF148E585}.Debug|x86.Build.0 = Debug|Win32
		{03ED2A3D-7B5F-4367-83A1-FD2AF148E585}.Release|x64.ActiveCfg = Release|x64
		{03ED2A3D-7B5F-4367-83A1-FD2AF148E585}.Release|x64.Build.0 = Release|x64
		{03ED2A3D-7B5F-4367-83A1-FD2AF148E585}.Release|x86.ActiveCfg = Release|Win32
		{03ED2A3D-7B5F-4367-83A1-FD2AF148E585}.Release|x86.Build.0 = Release|Win32
		{0F0EDA62-CE06-4FD4-86BB-61E706A62FFD}.Debug|x64.ActiveCfg = Debug|x64
		{0F0EDA62-CE06-4FD4-86BB-61E706A62FFD}.Debug|x64.Build.0 = Debug|x64
		{0F0EDA62-CE06-4FD4-86BB-61E706A62FFD}.Debug|x86.ActiveCfg = Debug|Win32
		{0F0EDA62-CE06-4FD4-86BB-61E706A62FFD}.Debug|x86.Build.0 = Debug|Win32
		{0F0EDA62-CE06-4FD4-86BB-61E706A62FFD}.Release|x64.ActiveCfg = Release|x64
		{0F0EDA62-CE06-4FD4-86BB-61E706A62FFD}.Release|x64.Build.0 = Release|x64
		{0F0EDA62-CE06-4FD4-86BB-61E706A62FFD}.Release|x86.ActiveCfg = Release|Win32
		{0F0EDA62-CE06-4FD4-86BB-61E706A62FFD}.Release|x86.Build.0 = Release|Win32
		{C01C3F73-E593-4192-992B-FFE9FADD0B8D}.Debug|x64.ActiveCfg = Debug|x64
		{C01C3F73-E593-4192-992B-FFE9FADD0B8D}.Debug|x64.Build.0 = Debug|x64
		{C01C3F73-E593-4192-992B-FFE9FADD0B8D}.Debug|x86.ActiveCfg = Debug|Win32
		{C01C3F73-E593-4192-992B-FFE9FADD0B8D}.Debug|x86.Build.0 = Debug|Win32
		{C01C3F73-E593-4192-992B-FFE9FADD0B8D}.Release|x64.ActiveCfg = Release|x64
		{C01C3F73-E593-4192-992B-FFE9FADD0B8D}.Release|x64.Build.0 = Release|x64
		{C01C3F73-E593-4192-992B-FFE9FADD0B8D}.Release|x86.ActiveCfg = Release|Win32
		{C01C3F73-E593-4192-992B-FFE9FADD0B8D}.Release|x86.Build.0 = Release|Win32
		{F9D0AA4B-515D-481C-B958-1B9D2031CDED}.Debug|x64.ActiveCfg = Debug|x64
		{F9D0AA4B-515D-481C-B958-1B9D2031CDED}.Debug|x64.Build.0 = Debug|x64
		{F9D0AA4B-515D-481C-B958-1B9D2031CDED}.Debug|x86.ActiveCfg = Debug|Win32
		{F9D0AA4B-515D-481C-B958-1B9D2031CDED}.Debug|x86.Build.0 = Debug|Win32
		{F9D0AA4B-515D-481C-B958-1B9D2031CDED}.Release|x64.ActiveCfg = Release|x64
		{F9D0AA4B-515D-481C-B958-1B9D2031CDED}.Release|x64.Build.0 = Release|x64
		{F9D0AA4B-515D-481C-B958-1B9D2031CDED}.Release|x86.ActiveCfg = Release|Win32
		{F9D0AA4B-515D-481C-B958-1B9D2031CDED}.Release|x86.Build.0 = Release|Win32
		{3854E127-E00A-4CC7-B85A-54E1D9A2478A}.Debug|x64.ActiveCfg = Debug|x64
		{3854E127-E00A-4CC7-B85A-54E1D9A2478A}.Debug|x64.Build.0 = Debug|x64
		{3854E127-E00A-4CC7-B85A-54E1D9A2478A}.Debug|x86.ActiveCfg = Debug|Win32
		{3854E127-E00A-4CC7-B85A-54E1D9A2478A}.Debug|x86.Build.0 = Debug|Win32
		{3854E127-E00A-4CC7-B85A-54E1D9A2478A}.Release|x64.ActiveCfg = Release|x64
		{3854E127-E00A-4CC7-B85A-54E1D9A2478A}.Release|x64.Build.0 = Release|x64
		{3854E127-E00A-4CC7-B85A-54E1D9A2478A}.Release|x86.ActiveCfg = Release|Win32
		{3854E127-E00A-4CC7-B85A-54E1D9A2478A}.Release|x86.Build.0 = Release|Win32
		{4F8FBE97-1D5E-4831-971D-BBF90221AE64}.Debug|x64.ActiveCfg = Debug|x64
		{4F8FBE97-1D5E-4831-971D-BBF90221AE64}.Debug|x64.Build.0 = Debug|x64
		{4F8FBE97-1D5E-4831-971D-BBF90221AE64}.Debug|x86.ActiveCfg = Debug|Win32
		{4F8FBE97-1D5E-4831-971D-BBF90221AE64}.Debug|x86.Build.0 = Debug|Win32
		{4F8FBE97-1D5E-4831-971D-BBF90221AE64}.Release|x64.ActiveCfg = Release|x64
		{4F8FBE97-1D5E-4831-971D-BBF90221AE64}.Release|x64.Build.0 = Release|x64
		{4F8FBE97-1D5E-4831-971D-BBF90221AE64}.Release|x86.ActiveCfg = Release|Win32
		{4F8FBE97-1D5E-4831-971D-BBF90221AE64}.Release|x86.Build.0 = Release|Win32
		{C025076B-5681-4DBA-B487-CCBDA71A3F0E}.Debug|x64.ActiveCfg = Debug|x64
		{C025076B-5681-4DBA-B487-CCBDA71A3F0E}.Debug|x64.Build.0 = Debug|x64
		{C025076B-5681-4DBA-B487-CCBDA71A3F0E}.Debug|x86.ActiveCfg = Debug|Win32
		{C025076B-5681-4DBA-B487-CCBDA71A3F0E}.Debug|x86.Build.0 = Debug|Win32
		{C025076B-5681-4DBA-B487-CCBDA71A3F0E}.Release|x64.ActiveCfg = Release|x64
		{C025076B-5681-4DBA-B487-CCBDA71A3F0E}.Release|x64.Build.0 = Release|x64
		{C025076B-5681-4DBA-B487-CCBDA71A3F0E}.Release|x86.ActiveCfg = Release|Win32
		{C025076B-5681-4DBA-B487-CCBDA71A3F0E}.Release|x86.Build.0 = Release|Win32
		{068B501D-B178-4BE8-8E74-AA5C11B68147}.Debug|x64.ActiveCfg = Debug|x64
		{068B501D-B178-4BE8-8E74-AA5C11B68147}.Debug|x64.Build.0 = Debug|x64
		{068B501D-B178-4BE8-8E74-AA5C11B68147}.Debug|x86.ActiveCfg = Debug|Win32
		{068B501D-B178-4BE8-8E74-AA5C11B68147}.Debug|x86.Build.0 = Debug|Win32
		{068B501D-B178-4BE8-8E74-AA5C11B68147}.Release|x64.ActiveCfg = Release|x64
		{068B501D-B178-4BE8-8E74-AA5C11B68147}.Release|x64.Build.0 = Release|x64
		{068B501D-B178-4BE8-8E74-AA5C11B68147}.Release|x86.ActiveCfg = Release|Win32
		{068B501D-B178-4BE8-8E74-AA5C11B68147}.Release|x86.Build.0 = Release|Win32
		{CB31F06B-32BB-4D2C-949E-C99FB6551953}.Debug|x64.ActiveCfg = Debug|x64
		{CB31F06B-32BB-4D2C-949E-C99FB6551953}.Debug|x64.Build.0 = Debug|x64
		{CB31F06B-32BB-4D2C-949E-C99FB6551953}.Debug|x86.ActiveCfg = Debug|Win32
		{CB31F06B-32BB-4D2C-949E-C99FB6551953}.Debug|x86.Build.0 = Debug|Win32
		{CB31F06B-32BB-4D2C-949E-C99FB6551953}.Release|x64.ActiveCfg = Release|x64
		{CB31F06B-32BB-4D2C-949E-C99FB6551953}.Release|x64.Build.0 = Release|x64
		{CB31F06B-32BB-4D2C-949E-C99FB6551953}.Release|x86.ActiveCfg = Release|Win32
		{CB31F06B-32BB-4D2C-949E-C99FB6551953}.Release|x86.Build.0 = Release|Win32
		{54ED1C84-F253-4742-ABDA-12E3255FEF33}.Debug|x64.ActiveCfg = Debug|x64
		{54ED1C84-F253-4742-ABDA-12E3255FEF33}.Debug|x64.Build.0 = Debug|x64
		{54ED1C84-F253-4742-ABDA-12E3255FEF33}.Debug|x86.ActiveCfg = Debug|Win32
		{54ED1C84-F253-4742-ABDA-12E3255FEF33}.Debug|x86.Build.0 = Debug|Win32
		{54ED1C84-F253-4742-ABDA-12E3255FEF33}.Release|x64.ActiveCfg = Release|x64
		{54ED1C84-F253-4742-ABDA-12E3255FEF33}.Release|x64.Build.0 = Release|x64
		{54ED1C84-F253-4742-ABDA-12E3255FEF33}.Release|x86.ActiveCfg = Release|Win32
		{54ED1C84-F253-4742-ABDA-12E3255FEF33}.Release|x86.Build.0 = Release|Win32
		{0E339958-774B-4F7F-8139-A4D195275DB3}.Debug|x64.ActiveCfg = Debug|x64
		{0E339958-774B-4F7F-8139-A4D195275DB3}.Debug|x64.Build.0 = Debug|x64
		{0E339958-774B-4F7F-8139-A4D195275DB3}.Debug|x86.ActiveCfg = Debug|Win32
		{0E339958-774B-4F7F-8139-A4D195275DB3}.Debug|x86.Build.0 = Debug|Win32
		{0E339958-774B-4F7F-8139-A4D195275DB3}.Release|x64.ActiveCfg = Release|x64
		{0E339958-774B-4F7F-8139-A4D195275DB3}.Release|x64.Build.0 = Release|x64
		{0E339958-774B-4F7F-8139-A4D195275DB3}.Release|x86.ActiveCfg = Release|Win32
		{0E339958-774B-4F7F-8139-A4D195275DB3}.Release|x86.Build.0 = Release|Win32
		{4CA3C72E-6EF9-4871-B789-48CC6DA171A6}.Debug|x64.ActiveCfg = Debug|x64
		{4CA3C72E-6EF9-4871-B789-48CC6DA171A6}.Debug|x64.Build.0 = Debug|x64
		{4CA3C72E-6EF9-4871-B789-48CC6DA171A6}.Debug|x86.ActiveCfg = Debug|Win32
		{4CA3C72E-6EF9-4871-B789-48CC6DA171A6}.Debug|x86.Build.0 = Debug|Win32
		{4CA3C72E-6EF9-4871-B789-48CC6DA171A6}.Release|x64.ActiveCfg = Release|x64
		{4CA3C72E-6EF9-4871-B789-48CC6DA171A6}.Release|x64.Build.0 = Release|x64
		{4CA3C72E-6EF9-4871-B789-48CC6DA171A6}.Release|x86.ActiveCfg = Release|Win32
		{4CA3C72E-6EF9-4871-B789-48CC6DA171A6}.Release|x86.Build.0 = Release|Win32
		{8E3F19A5-8D14-45C1-8EED-F7F1F32BBC23}.Debug|x64.ActiveCfg = Debug|x64
		{8E3F19A5-8D14-45C1-8EED-F7F1F32BBC23}.Debug|x64.Build.0 = Debug|x64
		{8E3F19A5-8D14-45C1-8EED-F7F1F32BBC23}.Debug|x86.ActiveCfg = Debug|Win32
		{8E3F19A5-8D14-45C1-8EED-F7F1F32BBC23}.Debug|x86.Build.0 = Debug|Win32
		{8E3F19A5-8D14-45C1-8EED-F7F1F32BBC23}.Release|x64.ActiveCfg = Release|x64
		{8E3F19A5-8D14-45C1-8EED-F7F1F32BBC23}.Release|x64.Build.0 = Release|x64
		{8E3F19A5-8D14-45C1-8EED-F7F1F32BBC23}.Release|x86.ActiveCfg = Release|Win32
		{8E3F19A5-8D14-45C1-8EED-F7F1F32BBC23}.Release|x86.Build.0 = Release|Win32
		{7499F180-FAAA-4C43-B78D-88CC68C19FAE}.Debug|x64.ActiveCfg = Debug|x64
		{7499F180-FAAA-4C43-B78D-88CC68C19FAE}.Debug|x64.Build.0 = Debug|x64
		{7499F180-FAAA-4C43-B78D-88CC68C19FAE}.Debug|x86.ActiveCfg = Debug|Win32
		{7499F180-FAAA-4C43-B78D-88CC68C19FAE}.Debug|x86.Build.0 = Debug|Win32
		{7499F180-FAAA-4C43-B78D-88CC68C19FAE}.Release|x64.ActiveCfg = Release|x64
		{7499F180-FAAA-4C43-B78D-88CC68C19FAE}.Release|x64.Build.0 = Release|x64
		{7499F180-FAAA-4C43-B78D-88CC68C19FAE}.Release|x86.ActiveCfg = Release|Win32
		{7499F180-FAAA-4C43-B78D-88CC68C19FAE}.Release|x86.Build.0 = Release|Win32
		{494579DD-91BD-43E5-8805-9D410520F01F}.Debug|x64.ActiveCfg = Debug|x64
		{494579DD-91BD-43E5-8805-9D410520F01F}.Debug|x64.Build.0 = Debug|x64
		{494579DD-91BD-43E5-8805-9D410520F01F}.Debug|x86.ActiveCfg = Debug|Win32
		{494579DD-91BD-43E5-8805-9D410520F01F}.Debug|x86.Build.0 = Debug|Win32
		{494579DD-91BD-43E5-8805-9D410520F01F}.Release|x64.ActiveCfg = Release|x64
		{494579DD-91BD-43E5-8805-9D410520F01F}.Release|x64.Build.0 = Release|x64
		{494579DD-91BD-43E5-8805-9D410520F01F}.Release|x86.ActiveCfg = Release|Win32
		{494579DD-91BD-43E5-8805-9D410520F01F}.Release|x86.Build.0 = Release|Win32
		{5957FEC6-2E5D-4E0F-9C1B-7F1947BBE23D}.Debug|x64.ActiveCfg = Debug|x64
		{5957FEC6-2E5D-4E0F-9C1B-7F1947BBE23D}.Debug|x64.Build.0 = Debug|x64
		{5957FEC6-2E5D-4E0F-9C1B-7F1947BBE23D}.Debug|x86.ActiveCfg = Debug|Win32
		{5957FEC6-2E5D-4E0F-9C1B-7F1947BBE23D}.Debug|x86.Build.0 = Debug|Win32
		{5957FEC6-2E5D-4E0F-9C1B-7F1947BBE23D}.Release|x64.ActiveCfg = Release|x64
		{5957FEC6-2E5D-4E0F-9C1B-7F1947BBE23D}.Release|x64.Build.0 = Release|x64
		{5957FEC6-2E5D-4E0F-9C1B-7F1947BBE23D}.Release|x86.ActiveCfg = Release|Win32
		{5957FEC6-2E5D-4E0F-9C1B-7F1947BBE23D}.Release|x86.Build.0 = Release|Win32
		{909838C7-F7F9-4FDC-9964-161814964066}.Debug|x64.ActiveCfg = Debug|x64
		{909838C7-F7F9-4FDC-9964-161814964066}.Debug|x64.Build.0 = Debug|x64
		{909838C7-F7F9-4FDC-9964-161814964066}.Debug|x86.ActiveCfg = Debug|Win32
		{909838C7-F7F9-4FDC-9964-161814964066}.Debug|x86.Build.0 = Debug|Win32
		{909838C7-F7F9-4FDC-9964-161814964066}.Release|x64.ActiveCfg = Release|x64
		{909838C7-F7F9-4FDC-9964-161814964066}.Release|x64.Build.0 = Release|x64
		{909838C7-F7F9-4FDC-9964-161814964066}.Release|x86.ActiveCfg = Release|Win32
		{909838C7-F7F9-4FDC-9964-161814964066}.Release|x86.Build.0 = Release|Win32
		{97377B58-480D-4890-9CD7-3CE0F5F6D2E2}.Debug|x64.ActiveCfg = Debug|x64
		{97377B58-480D-4890-9CD7-3CE0F5F6D2E2}.Debug|x64.Build.0 = Debug|x64
		{97377B58-480D-4890-9CD7-3CE0F5F6D2E2}.Debug|x86.ActiveCfg = Debug|Win32
		{97377B58-480D-4890-9CD7-3CE0F5F6D2E2}.Debug|x86.Build.0 = Debug|Win32
		{97377B58-480D-4890-9CD7-3CE0F5F6D2E2}.Release|x64.ActiveCfg = Release|x64
		{97377B58-480D-4890-9CD7-3CE0F5F6D2E2}.Release|x64.Build.0 = Release|x64
		{97377B58-480D-4890-9CD7-3CE0F5F6D2E2}.Release|x86.ActiveCfg = Release|Win32
		{97377B58-480D-4890-9CD7-3CE0F5F6D2E2}.Release|x86.Build.0 = Release|Win32
		{FA3BDE21-AA76-4CEB-8F22-980F6E602A1E}.Debug|x64.ActiveCfg = Debug|x64
		{FA3BDE21-AA76-4CEB-8F22-980F6E602A1E}.Debug|x64.Build.0 = Debug|x64
		{FA3BDE21-AA76-4CEB-8F22-980F6E602A1E}.Debug|x86.ActiveCfg = Debug|Win32
		{FA3BDE21-AA76-4CEB-8F22-980F6E602A1E}.Debug|x86.Build.0 = Debug|Win32
		{FA3BDE21-AA76-4CEB-8F22-980F6E602A1E}.Release|x64.ActiveCfg = Release|x64
		{FA3BDE21-AA76-4CEB-8F22-980F6E602A1E}.Release|x64.Build.0 = Release|x64
		{FA3BDE21-AA76-4CEB-8F22-980F6E602A1E}.Release|x86.ActiveCfg = Release|Win32
		{FA3BDE21-AA76-4CEB-8F22-980F6E602A1E}.Release|x86.Build.0 = Release|Win32
		{D05D069B-F7A5-4F75-910F-DEFDDF9B9066}.Debug|x64.ActiveCfg = Debug|x64
		{D05D069B-F7A5-4F75-910F-DEFDDF9B9066}.Debug|x64.Build.0 = Debug|x64
		{D05D069B-F7A5-4F75-910F-DEFDDF9B9066}.Debug|x86.ActiveCfg = Debug|Win32
		{D05D069B-F7A5-4F75-910F-DEFDDF9B9066}.Debug|x86.Build.0 = Debug|Win32
		{D05D069B-F7A5-4F75-910F-DEFDDF9B9066}.Release|x64.ActiveCfg = Release|x64
		{D05D069B-F7A5-4F75-910F-DEFDDF9B9066}.Release|x64.Build.0 = Release|x64
		{D05D069B-F7A5-4F75-910F-DEFDDF9B9066}.Release|x86.ActiveCfg = Release|Win32
		{D05D069B-F7A5-4F75-910F-DEFDDF9B9066}.Release|x86.Build.0 = Release|Win32
		{0E3D8769-F4D5-4E60-B443-57633BF523AD}.Debug|x64.ActiveCfg = Debug|x64
		{0E3D8769-F4D5-4E60-B443-57633BF523AD}.Debug|x64.Build.0 = Debug|x64
		{0E3D8769-F4D5-4E60-B443-57633BF523AD}.Debug|x86.ActiveCfg = Debug|Win32
		{0E3D8769-F4D5-4E60-B443-57633BF523AD}.Debug|x86.Build.0 = Debug|Win32
		{0E3D8769-F4D5-4E60-B443-57633BF523AD}.Release|x64.ActiveCfg = Release|x64
		{0E3D8769-F4D5-4E60-B443-57633BF523AD}.Release|x64.Build.0 = Release|x64
		{0E3D8769-F4D5-4E60-B443-57633BF523AD}.Release|x86.ActiveCfg = Release|Win32
		{0E3D8769-F4D5-4E60-B443-57633BF523AD}.Release|x86.Build.0 = Release|Win32
		{E69D7E14-C34B-4E4B-957A-64BD32A7C5CB}.Debug|x64.ActiveCfg = Debug|x64
		{E69D7E14-C34B-4E4B-957A-64BD32A7C5CB}.Debug|x64.Build.0 = Debug|x64
		{E69D7E14-C34B-4E4B-957A-64BD32A7C5CB}.Debug|x86.ActiveCfg = Debug|Win32
		{E69D7E14-C34B-4E4B-957A-64BD32A7C5CB}.Debug|x86.Build.0 = Debug|Win32
		{E69D7E14-C34B-4E4B-957A-64BD32A7C5CB}.Release|x64.ActiveCfg = Release|x64
		{E69D7E14-C34B-4E4B-957A-64BD32A7C5CB}.Release|x64.Build.0 = Release|x64
		{E69D7E14-C34B-4E4B-957A-64BD32A7C5CB}.Release|x86.ActiveCfg = Release|Win32
		{E69D7E14-C34B-4E4B-957A-64BD32A7C5CB}.Release|x86.Build.0 = Release|Win32
		{E37EF8FD-3FC1-49D8-B58D-DDF764BEF4C7}.Debug|x64.ActiveCfg = Debug|x64
		{E37EF8FD-3FC1-49D8-B58D-DDF764BEF4C7}.Debug|x64.Build.0 = Debug|x64
		{E37EF8FD-3FC1-49D8-B58D-DDF764BEF4C7}.Debug|x86.ActiveCfg = Debug|Win32
		{E37EF8FD-3FC1-49D8-B58D-DDF764BEF4C7}.Debug|x86.Build.0 = Debug|Win32
		{E37EF8FD-3FC1-49D8-B58D-DDF764BEF4C7}.Release|x64.ActiveCfg = Release|x64
		{E37EF8FD-3FC1-49D8-B58D-DDF764BEF4C7}.Release|x64.Build.0 = Release|x64
		{E37EF8FD-3FC1-49D8-B58D-DDF764BEF4C7}.Release|x86.ActiveCfg = Release|Win32
		{E37EF8FD-3FC1-49D8-B58D-DDF764BEF4C7}.Release|x86.Build.0 = Release|Win32
		{22DC534D-92C5-4901-9810-7F61504D0A3E}.Debug|x64.ActiveCfg = Debug|x64
		{22DC534D-92C5-4901-9810-7F61504D0A3E}.Debug|x64.Build.0 = Debug|x64
		{22DC534D-92C5-4901-9810-7F61504D0A3E}.Debug|x86.ActiveCfg = Debug|Win32
		{22DC534D-92C5-4901-9810-7F61504D0A3E}.Debug|x86.Build.0 = Debug|Win32
		{22DC534D-92C5-4901-9810-7F61504D0A3E}.Release|x64.ActiveCfg = Release|x64
		{22DC534D-92C5-4901-9810-7F61504D0A3E}.Release|x64.Build.0 = Release|x64
		{22DC534D-92C5-4901-9810-7F61504D0A3E}.Release|x86.ActiveCfg = Release|Win32
		{22DC534D-92C5-4901-9810-7F61504D0A3E}.Release|x86.Build.0 = Release|Win32
		{7B3894B9-7D7A-47ED-B3C2-334A96BE5B0C}.Debug|x64.ActiveCfg = Debug|x64
		{7B3894B9-7D7A-47ED-B3C2-334A96BE5B0C}.Debug|x64.Build.0 = Debug|x64
		{7B3894B9-7D7A-47ED-B3C2-334A96BE5B0C}.Debug|x86.ActiveCfg = Debug|Win32
		{7B3894B9-7D7A-47ED-B3C2-334A96BE5B0C}.Debug|x86.Build.0 = Debug|Win32
		{7B3894B9-7D7A-47ED-B3C2-334A96BE5B0C}.Release|x64.ActiveCfg = Release|x64
		{7B3894B9-7D7A-47ED-B3C2-334A96BE5B0C}.Release|x64.Build.0 = Release|x64
		{7B3894B9-7D7A-47ED-B3C2-334A96BE5B0C}.Release|x86.ActiveCfg = Release|Win32
		{7B3894B9-7D7A-47ED-B3C2-334A96BE5B0C}.Release|x86.Build.0 = Release|Win32
		{7C6F3C5A-5C0C-478B-A29B-CCED8EDF1BC4}.Debug|x64.ActiveCfg = Debug|x64
		{7C6F3C5A-5C0C-478B-A29B-CCED8EDF1BC4}.Debug|x64.Build.0 = Debug|x64
		{7C6F3C5A-5C0C-478B-A29B-CCED8EDF1BC4}.Debug|x86.ActiveCfg = Debug|Win32
		{7C6F3C5A-5C0C-478B-A29B-CCED8EDF1BC4}.Debug|x86.Build.0 = Debug|Win32
		{7C6F3C5A-5C0C-478B-A29B-CCED8EDF1BC4}.Release|x64.ActiveCfg = Release|x64
		{7C6F3C5A-5C0C-478B-A29B-CCED8EDF1BC4}.Release|x64.Build.0 = Release|x64
		{7C6F3C5A-5C0C-478B-A29B-CCED8EDF1BC4}.Release|x86.ActiveCfg = Release|Win32
		{7C6F3C5A-5C0C-478B-A29B-CCED8EDF1BC4}.Release|x86.Build.0 = Release|Win32
		{2ADD3D89-5128-4BFC-872E-58E5D7E22492}.Debug|x64.ActiveCfg = Debug|x64
		{2ADD3D89-5128-4BFC-872E-58E5D7E22492}.Debug|x64.Build.0 = Debug|x64
		{2ADD3D89-5128-4BFC-872E-58E5D7E22492}.Debug|x86.ActiveCfg = Debug|Win32
		{2ADD3D89-5128-4BFC-872E-58E5D7E22492}.Debug|x86.Build.0 = Debug|Win32
		{2ADD3D89-5128-4BFC-872E-58E5D7E22492}.Release|x64.ActiveCfg = Release|x64
		{2ADD3D89-5128-4BFC-872E-58E5D7E22492}.Release|x64.Build.0 = Release|x64
		{2ADD3D89-5128-4BFC-872E-58E5D7E22492}.Release|x86.ActiveCfg = Release|Win32
		{2ADD3D89-5128-4BFC-872E-58E5D7E22492}.Release|x86.Build.0 = Release|Win32
		{924874CF-7796-4BCD-81BF-40EAEBA42B3E}.Debug|x64.ActiveCfg = Debug|x64
		{924874CF-7796-4BCD-81BF-40EAEBA42B3E}.Debug|x64.Build.0 = Debug|x64
		{924874CF-7796-4BCD-81BF-40EAEBA42B3E}.Debug|x86.ActiveCfg = Debug|Win32
		{924874CF-7796-4BCD-81BF-40EAEBA42B3E}.Debug|x86.Build.0 = Debug|Win32
		{924874CF-7796-4BCD-81BF-40EAEBA42B3E}.Release|x64.ActiveCfg = Release|x64
		{924874CF-7796-4BCD-81BF-40EAEBA42B3E}.Release|x64.Build.0 = Release|x64
		{924874CF-7796-4BCD-81BF-40EAEBA42B3E}.Release|x86.ActiveCfg = Release|Win32
		{924874CF-7796-4BCD-81BF-40EAEBA42B3E}.Release|x86.Build.0 = Release|Win32
		{21F08115-266A-4938-8C15-07C3388ACCF7}.Debug|x64.ActiveCfg = Debug|x64
		{21F08115-266A-4938-8C15-07C3388ACCF7}.Debug|x64.Build.0 = Debug|x64
		{21F08115-266A-4938-8C15-07C3388ACCF7}.Debug|x86.ActiveCfg = Debug|Win32
		{21F08115-266A-4938-8C15-07C3388ACCF7}.Debug|x86.Build.0 = Debug|Win32
		{21F08115-266A-4938-8C15-07C3388ACCF7}.Release|x64.ActiveCfg = Release|x64
		{21F08115-266A-4938-8C15-07C3388ACCF7}.Release|x64.Build.0 = Release|x64
		{21F08115-266A-4938-8C15-07C3388ACCF7}.Release|x86.ActiveCfg = Release|Win32
		{21F08115-266A-4938-8C15-07C3388ACCF7}.Release|x86.Build.0 = Release|Win32
		{292CE0A7-BB08-4794-A989-741454A18EDF}.Debug|x64.ActiveCfg = Debug|x64
		{292CE0A7-BB08-4794-A989-741454A18EDF}.Debug|x64.Build.0 = Debug|x64
		{292CE0A7-BB08-4794-A989-741454A18EDF}.Debug|x86.ActiveCfg = Debug|Win32
		{292CE0A7-BB08-4794-A989-741454A18EDF}.Debug|x86.Build.0 = Debug|Win32
		{292CE0A7-BB08-4794-A989-741454A18EDF}.Release|x64.ActiveCfg = Release|x64
		{292CE0A7-BB08-4794-A989-741454A18EDF}.Release|x64.Build.0 = Release|x64
		{292CE0A7-BB08-4794-A989-741454A18EDF}.Release|x86.ActiveCfg = Release|Win32
		{292CE0A7-BB08-4794-A989-741454A18EDF}.Release|x86.Build.0 = Release|Win32
		{03B9BB78-AF93-4663-B097-FEA6B52E1839}.Debug|x64.ActiveCfg = Debug|x64
		{03B9BB78-AF93-4663-B097-FEA6B52E1839}.Debug|x64.Build.0 = Debug|x64
		{03B9BB78-AF93-4663-B097-FEA6B52E1839}.Debug|x86.ActiveCfg = Debug|Win32
		{03B9BB78-AF93-4663-B097-FEA6B52E1839}.Debug|x86.Build.0 = Debug|Win32
		{03B9BB78-AF93-4663-B097-FEA6B52E1839}.Release|x64.ActiveCfg = Release|x64
		{03B9BB78-AF93-4663-B097-FEA6B52E1839}.Release|x64.Build.0 = Release|x64
		{03B9BB78-AF93-4663-B097-FEA6B52E1839}.Release|x86.ActiveCfg = Release|Win32
		{03B9BB78-AF93-4663-B097-FEA6B52E1839}.Release|x86.Build.0 = Release|Win32
		{BADD80BF-B0A0-4B1C-9866-9E6C54DBE3BF}.Debug|x64.ActiveCfg = Debug|x64
		{BADD80BF-B0A0-4B1C-9866-9E6C54DBE3BF}.Debug|x64.Build.0 = Debug|x64
		{BADD80BF-B0A0-4B1C-9866-9E6C54DBE3BF}.Debug|x86.ActiveCfg = Debug|Win32
		{BADD80BF-B0A0-4B1C-9866-9E6C54DBE3BF}.Debug|x86.Build.0 = Debug|Win32
		{BADD80BF-B0A0-4B1C-9866-9E6C54DBE3BF}.Release|x64.ActiveCfg = Release|x64
		{BADD80BF-B0A0-4B1C-9866-9E6C54DBE3BF}.Release|x64.Build.0 = Release|x64
		{BADD80BF-B0A0-4B1C-9866-9E6C54DBE3BF}.Release|x86.ActiveCfg = Release|Win32
		{BADD80BF-B0A0-4B1C-9866-9E6C54DBE3BF}.Release|x86.Build.0 = Release|Win32
		{8C6BFA54-B189-4BF6-90B7-B2612BD13BC9}.Debug|x64.ActiveCfg = Debug|x64
		{8C6BFA54-B189-4BF6-90B7-B2612BD13BC9}.Debug|x64.Build.0 = Debug|x64
		{8C6BFA54-B189-4BF6-90B7-B2612BD13BC9}.Debug|x86.ActiveCfg = Debug|Win32
		{8C6BFA54-B189-4BF6-90B7-B2612BD13BC9}.Debug|x86.Build.0 = Debug|Win32
		{8C6BFA54-B189-4BF6-90B7-B2612BD13BC9}.Release|x64.ActiveCfg = Release|x64
		{8C6BFA54-B189-4BF6-90B7-B2612BD13BC9}.Release|x64.Build.0 = Release|x64
		{8C6BFA54-B189-4BF6-90B7-B2612BD13BC9}.Release|x86.ActiveCfg = Release|Win32
		{8C6BFA54-B189-4BF6-90B7-B2612BD13BC9}.Release|x86.Build.0 = Release|Win32
		{577F681F-DD03-4D0F-9512-29F90DA6F902}.Debug|x64.ActiveCfg = Debug|x64
		{577F681F-DD03-4D0F-9512-29F90DA6F902}.Debug|x64.Build.0 = Debug|x64
		{577F681F-DD03-4D0F-9512-29F90DA6F902}.Debug|x86.ActiveCfg = Debug|Win32
		{577F681F-DD03-4D0F-9512-29F90DA6F902}.Debug|x86.Build.0 = Debug|Win32
		{577F681F-DD03-4D0F-9512-29F90DA6F902}.Release|x64.ActiveCfg = Release|x64
		{577F681F-DD03-4D0F-9512-29F90DA6F902}.Release|x64.Build.0 = Release|x64
		{577F681F-DD03-4D0F-9512-29F90DA6F902}.Release|x86.ActiveCfg = Release|Win32
		{577F681F-DD03-4D0F-9512-29F90DA6F902}.Release|x86.Build.0 = Release|Win32
		{4D00F7AC-2EFB-4700-8E73-E251971F5680}.Debug|x64.ActiveCfg = Debug|x64
		{4D00F7AC-2EFB-4700-8E73-E251971F5680}.Debug|x64.Build.0 = Debug|x64
		{4D00F7AC-2EFB-4700-8E73-E251971F5680}.Debug|x86.ActiveCfg = Debug|Win32
		{4D00F7AC-2EFB-4700-8E73-E251971F5680}.Debug|x86.Build.0 = Debug|Win32
		{4D00F7AC-2EFB-4700-8E73-E251971F5680}.Release|x64.ActiveCfg = Release|x64
		{4D00F7AC-2EFB-4700-8E73-E251971F5680}.Release|x64.Build.0 = Release|x64
		{4D00F7AC-2EFB-4700-8E73-E251971F5680}.Release|x86.ActiveCfg = Release|Win32
		{4D00F7AC-2EFB-4700-8E73-E251971F5680}.Release|x86.Build.0 = Release|Win32
		{331ECC70-D8EB-4D3D-811C-983564EFD68B}.Debug|x64.ActiveCfg = Debug|x64
		{331ECC70-D8EB-4D3D-811C-983564EFD68B}.Debug|x64.Build.0 = Debug|x64
		{331ECC70-D8EB-4D3D-811C-983564EFD68B}.Debug|x86.ActiveCfg = Debug|Win32
		{331ECC70-D8EB-4D3D-811C-983564EFD68B}.Debug|x86.Build.0 = Debug|Win32
		{331ECC70-D8EB-4D3D-811C-983564EFD68B}.Release|x64.ActiveCfg = Release|x64
		{331ECC70-D8EB-4D3D-811C-983564EFD68B}.Release|x64.Build.0 = Release|x64
		{331ECC70-D8EB-4D3D-811C-983564EFD68B}.Release|x86.ActiveCfg = Release|Win32
		{331ECC70-D8EB-4D3D-811C-983564EFD68B}.Release|x86.Build.0 = Release|Win32
		{57BB7D13-7D2F-4C10-AF1B-84B3554C1D11}.Debug|x64.ActiveCfg = Debug|x64
		{57BB7D13-7D2F-4C10-AF1B-84B3554C1D11}.Debug|x64.Build.0 = Debug|x64
		{57BB7D13-7D2F-4C10-AF1B-84B3554C1D11}.Debug|x86.ActiveCfg = Debug|Win32
		{57BB7D13-7D2F-4C10-AF1B-84B3554C1D11}.Debug|x86.Build.0 = Debug|Win32
		{57BB7D13-7D2F-4C10-AF1B-84B3554C1D11}.Release|x64.ActiveCfg = Release|x64
		{57BB7D13-7D2F-4C10-AF1B-84B3554C1D11}.Release|x64.Build.0 = Release|x64
		{57BB7D13-7D2F-4C10-AF1B-84B3554C1D11}.Release|x86.ActiveCfg = Release|Win32
		{57BB7D13-7D2F-4C10-AF1B-84B3554C1D11}.Release|x86.Build.0 = Release|Win32
		{1626C4DD-12C9-46AE-8845-6280EDF470D2}.Debug|x64.ActiveCfg = Debug|x64
		{1626C4DD-12C9-46AE-8845-6280EDF470D2}.Debug|x64.Build.0 = Debug|x64
		{1626C4DD-12C9-46AE-8845-6280EDF470D2}.Debug|x86.ActiveCfg = Debug|Win32
		{1626C4DD-12C9-46AE-8845-6280EDF470D2}.Debug|x86.Build.0 = Debug|Win32
		{1626C4DD-12C9-46AE-8845-6280EDF470D2}.Release|x64.ActiveCfg = Release|x64
		{1626C4DD-12C9-46AE-8845-6280EDF470D2}.Release|x64.Build.0 = Release|x64
		{1626C4DD-12C9-46AE-8845-6280EDF470D2}.Release|x86.ActiveCfg = Release|Win32
		{1626C4DD-12C9-46AE-8845-6280EDF470D2}.Release|x86.Build.0 = Release|Win32
		{476ED837-3631-423D-8AFA-86FF32BE2DA9}.Debug|x64.ActiveCfg = Debug|x64
		{476ED837-3631-423D-8AFA-86FF32BE2DA9}.Debug|x64.Build.0 = Debug|x64
		{476ED837-3631-423D-8AFA-86FF32BE2DA9}.Debug|x86.ActiveCfg = Debug|Win32
		{476ED837-3631-423D-8AFA-86FF32BE2DA9}.Debug|x86.Build.0 = Debug|Win32
		{476ED837-3631-423D-8AFA-86FF32BE2DA9}.Release|x64.ActiveCfg = Release|x64
		{476ED837-3631-423D-8AFA-86FF32BE2DA9}.Release|x64.Build.0 = Release|x64
		{476ED837-3631-423D-8AFA-86FF32BE2DA9}.Release|x86.ActiveCfg = Release|Win32
		{476ED837-3631-423D-8AFA-86FF32BE2DA9}.Release|x86.Build.0 = Release|Win32
		{F7427079-39FD-4160-8D60-007961DF14A1}.Debug|x64.ActiveCfg = Debug|x64
		{F7427079-39FD-4160-8D60-007961DF14A1}.Debug|x64.Build.0 = Debug|x64
		{F7427079-39FD-4160-8D60-007961DF14A1}.Debug|x86.ActiveCfg = Debug|Win32
		{F7427079-39FD-4160-8D60-007961DF14A1}.Debug|x86.Build.0 = Debug|Win32
		{F7427079-39FD-4160-8D60-007961DF14A1}.Release|x64.ActiveCfg = Release|x64
		{F7427079-39FD-4160-8D60-007961DF14A1}.Release|x64.Build.0 = Release|x64
		{F7427079-39FD-4160-8D60-007961DF14A1}.Release|x86.ActiveCfg = Release|Win32
		{F7427079-39FD-4160-8D60-007961DF14A1}.Release|x86.Build.0 = Release|Win32
		{C9A8292F-1897-42D2-B22C-B6BB48EBF09F}.Debug|x64.ActiveCfg = Debug|x64
		{C9A8292F-1897-42D2-B22C-B6BB48EBF09F}.Debug|x64.Build.0 = Debug|x64
		{C9A8292F-1897-42D2-B22C-B6BB48EBF09F}.Debug|x86.ActiveCfg = Debug|Win32
		{C9A8292F-1897-42D2-B22C-B6BB48EBF09F}.Debug|x86.Build.0 = Debug|Win32
		{C9A8292F-1897-42D2-B22C-B6BB48EBF09F}.Release|x64.ActiveCfg = Release|x64
		{C9A8292F-1897-42D2-B22C-B6BB48EBF09F}.Release|x64.Build.0 = Release|x64
		{C9A8292F-1897-42D2-B22C-B6BB48EBF09F}.Release|x86.ActiveCfg = Release|Win32
		{C9A8292F-1897-42D2-B22C-B6BB48EBF09F}.Release|x86.Build.0 = Release|Win32
		{A993E6E9-AEEB-4C94-86A3-268CCCA7FBE3}.Debug|x64.ActiveCfg = Debug|x64
		{A993E6E9-AEEB-4C94-86A3-268CCCA7FBE3}.Debug|x64.Build.0 = Debug|x64
		{A993E6E9-AEEB-4C94-86A3-268CCCA7FBE3}.Debug|x86.ActiveCfg = Debug|Win32
		{A993E6E9-AEEB-4C94-86A3-268CCCA7FBE3}.Debug|x86.Build.0 = Debug|Win32
		{A993E6E9-AEEB-4C94-86A3-268CCCA7FBE3}.Release|x64.ActiveCfg = Release|x64
		{A993E6E9-AEEB-4C94-86A3-268CCCA7FBE3}.Release|x64.Build.0 = Release|x64
		{A993E6E9-AEEB-4C94-86A3-268CCCA7FBE3}.Release|x86.ActiveCfg = Release|Win32
		{A993E6E9-AEEB-4C94-86A3-268CCCA7FBE3}.Release|x86.Build.0 = Release|Win32
		{E77EB5A1-8FAA-4E7A-9EC4-CC25B4F0C4E6}.Debug|x64.ActiveCfg = Debug|x64
		{E77EB5A1-8FAA-4E7A-9EC4-CC25B4F0C4E6}.Debug|x64.Build.0 = Debug|x64
		{E77EB5A1-8FAA-4E7A-9EC4-CC25B4F0C4E6}.Debug|x86.ActiveCfg = Debug|Win32
		{E77EB5A1-8FAA-4E7A-9EC4-CC25B4F0C4E6}.Debug|x86.Build.0 = Debug|Win32
		{E77EB5A1-8FAA-4E7A-9EC4-CC25B4F0C4E6}.Release|x64.ActiveCfg = Release|x64
		{E77EB5A1-8FAA-4E7A-9EC4-CC25B4F0C4E6}.Release|x64.Build.0 = Release|x64
		{E77EB5A1-8FAA-4E7A-9EC4-CC25B4F0C4E6}.Release|x86.ActiveCfg = Release|Win32
		{E77EB5A1-8FAA-4E7A-9EC4-CC25B4F0C4E6}.Release|x86.Build.0 = Release|Win32
		{4E620437-982E-4683-B1D1-3F52E946BA27}.Debug|x64.ActiveCfg = Debug|x64
		{4E620437-982E-4683-B1D1-3F52E946BA27}.Debug|x64.Build.0 = Debug|x64
		{4E620437-982E-4683-B1D1-3F52E946BA27}.Debug|x86.ActiveCfg = Debug|Win32
		{4E620437-982E-4683-B1D1-3F52E946BA27}.Debug|x86.Build.0 = Debug|Win32
		{4E620437-982E-4683-B1D1-3F52E946BA27}.Release|x64.ActiveCfg = Release|x64
		{4E620437-982E-4683-B1D1-3F52E946BA27}.Release|x64.Build.0 = Release|x64
		{4E620437-982E-4683-B1D1-3F52E946BA27}.Release|x86.ActiveCfg = Release|Win32
		{4E620437-982E-4683-B1D1-3F52E946BA27}.Release|x86.Build.0 = Release|Win32
		{51BB52F3-8F05-43F7-AE37-24E9EE2AA519}.Debug|x64.ActiveCfg = Debug|x64
		{51BB52F3-8F05-43F7-AE37-24E9EE2AA519}.Debug|x64.Build.0 = Debug|x64
		{51BB52F3-8F05-43F7-AE37-24E9EE2AA519}.Debug|x86.ActiveCfg = Debug|Win32
		{51BB52F3-8F05-43F7-AE37-24E9EE2AA519}.Debug|x86.Build.0 = Debug|Win32
		{51BB52F3-8F05-43F7-AE37-24E9EE2AA519}.Release|x64.ActiveCfg = Release|x64
		{51BB52F3-8F05-43F7-AE37-24E9EE2AA519}.Release|x64.Build.0 = Release|x64
		{51BB52F3-8F05-43F7-AE37-24E9EE2AA519}.Release|x86.ActiveCfg = Release|Win32
		{51BB52F3-8F05-43F7-AE37-24E9EE2AA519}.Release|x86.Build.0 = Release|Win32
		{7114062B-5922-40B2-90DD-E6B911B9E908}.Debug|x64.ActiveCfg = Debug|x64
		{7114062B-5922-40B2-90DD-E6B911B9E908}.Debug|x64.Build.0 = Debug|x64
		{7114062B-5922-40B2-90DD-E6B911B9E908}.Debug|x86.ActiveCfg = Debug|Win32
		{7114062B-5922-40B2-90DD-E6B911B9E908}.Debug|x86.Build.0 = Debug|Win32
		{7114062B-5922-40B2-90DD-E6B911B9E908}.Release|x64.ActiveCfg = Release|x64
		{7114062B-5922-40B2-90DD-E6B911B9E908}.Release|x64.Build.0 = Release|x64
		{7114062B-5922-40B2-90DD-E6B911B9E908}.Release|x86.ActiveCfg = Release|Win32
		{7114062B-5922-40B2-90DD-E6B911B9E908}.Release|x86.Build.0 = Release|Win32
		{0D9FDC6F-297C-4010-856D-D238B7E3CF34}.Debug|x64.ActiveCfg = Debug|x64
		{0D9FDC6F-297C-4010-856D-D238B7E3CF34}.Debug|x64.Build.0 = Debug|x64
		{0D9FDC6F-297C-4010-856D-D238B7E3CF34}.Debug|x86.ActiveCfg = Debug|Win32
		{0D9FDC6F-297C-4010-856D-D238B7E3CF34}.Debug|x86.Build.0 = Debug|Win32
		{0D9FDC6F-297C-4010-856D-D238B7E3CF34}.Release|x64.ActiveCfg = Release|x64
		{0D9FDC6F-297C-4010-856D-D238B7E3CF34}.Release|x64.Build.0 = Release|x64
		{0D9FDC6F-297C-4010-856D-D238B7E3CF34}.Release|x86.ActiveCfg = Release|Win32
		{0D9FDC6F-297C-4010-856D-D238B7E3CF34}.Release|x86.Build.0 = Release|Win32
		{1603986C-3C4A-4072-844B-C45A267F9201}.Debug|x64.ActiveCfg = Debug|x64
		{1603986C-3C4A-4072-844B-C45A267F9201}.Debug|x64.Build.0 = Debug|x64
		{1603986C-3C4A-4072-844B-C45A267F9201}.Debug|x86.ActiveCfg = Debug|Win32
		{1603986C-3C4A-4072-844B-C45A267F9201}.Debug|x86.Build.0 = Debug|Win32
		{1603986C-3C4A-4072-844B-C45A267F9201}.Release|x64.ActiveCfg = Release|x64
		{1603986C-3C4A-4072-844B-C45A267F9201}.Release|x64.Build.0 = Release|x64
		{1603986C-3C4A-4072-844B-C45A267F9201}.Release|x86.ActiveCfg = Release|Win32
		{1603986C-3C4A-4072-844B-C45A267F9201}.Release|x86.Build.0 = Release|Win32
		{301838E7-A6FD-4BB4-B2A7-EC8B86B5B55B}.Debug|x64.ActiveCfg = Debug|x64
		{301838E7-A6FD-4BB4-B2A7-EC8B86B5B55B}.Debug|x64.Build.0 = Debug|x64
		{301838E7-A6FD-4BB4-B2A7-EC8B86B5B55B}.Debug|x86.ActiveCfg = Debug|Win32
		{301838E7-A6FD-4BB4-B2A7-EC8B86B5B55B}.Debug|x86.Build.0 = Debug|Win32
		{301838E7-A6FD-4BB4-B2A7-EC8B86B5B55B}.Release|x64.ActiveCfg = Release|x64
		{301838E7-A6FD-4BB4-B2A7-EC8B86B5B55B}.Release|x64.Build.0 = Release|x64
		{301838E7-A6FD-4BB4-B2A7-EC8B86B5B55B}.Release|x86.ActiveCfg = Release|Win32
		{301838E7-A6FD-4BB4-B2A7-EC8B86B5B55B}.Release|x86.Build.0 = Release|Win32
		{3B72AFFF-DB5B-4286-AD9C-DB36AE0D3041}.Debug|x64.ActiveCfg = Debug|x64
		{3B72AFFF-DB5B-4286-AD9C-DB36AE0D3041}.Debug|x64.Build.0 = Debug|x64
		{3B72AFFF-DB5B-4286-AD9C-DB36AE0D3041}.Debug|x86.ActiveCfg = Debug|Win32
		{3B72AFFF-DB5B-4286-AD9C-DB36AE0D3041}.Debug|x86.Build.0 = Debug|Win32
		{3B72AFFF-DB5B-4286-AD9C-DB36AE0D3041}.Release|x64.ActiveCfg = Release|x64
		{3B72AFFF-DB5B-4286-AD9C-DB36AE0D3041}.Release|x64.Build.0 = Release|x64
		{3B72AFFF-DB5B-4286-AD9C-DB36AE0D3041}.Release|x86.ActiveCfg = Release|Win32
		{3B72AFFF-DB5B-4286-AD9C-DB36AE0D3041}.Release|x86.Build.0 = Release|Win32
		{EA8D482A-6720-41E5-B8B3-92F4628457FC}.Debug|x64.ActiveCfg = Debug|x64
		{EA8D482A-6720-41E5-B8B3-92F4628457FC}.Debug|x64.Build.0 = Debug|x64
		{EA8D482A-6720-41E5-B8B3-92F4628457FC}.Debug|x86.ActiveCfg = Debug|Win32
		{EA8D482A-6720-41E5-B8B3-92F4628457FC}.Debug|x86.Build.0 = Debug|Win32
		{EA8D482A-6720-41E5-B8B3-92F4628457FC}.Release|x64.ActiveCfg = Release|x64
		{EA8D482A-6720-41E5-B8B3-92F4628457FC}.Release|x64.Build.0 = Release|x64
		{EA8D482A-6720-41E5-B8B3-92F4628457FC}.Release|x86.ActiveCfg = Release|Win32
		{EA8D482A-6720-41E5-B8B3-92F4628457FC}.Release|x86.Build.0 = Release|Win32
		{B939E80D-BA07-4431-94CD-34BC98E7C2D1}.Debug|x64.ActiveCfg = Debug|x64
		{B939E80D-BA07-4431-94CD-34BC98E7C2D1}.Debug|x64.Build.0 = Debug|x64
		{B939E80D-BA07-4431-94CD-34BC98E7C2D1}.Debug|x86.ActiveCfg = Debug|Win32
		{B939E80D-BA07-4431-94CD-34BC98E7C2D1}.Debug|x86.Build.0 = Debug|Win32
		{B939E80D-BA07-4431-94CD-34BC98E7C2D1}.Release|x64.ActiveCfg = Release|x64
		{B939E80D-BA07-4431-94CD-34BC98E7C2D1}.Release|x64.Build.0 = Release|x64
		{B939E80D-BA07-4431-94CD-34BC98E7C2D1}.Release|x86.ActiveCfg = Release|Win32
		{B939E80D-BA07-4431-94CD-34BC98E7C2D1}.Release|x86.Build.0 = Release|Win32
		{92FDF3DA-7BC4-4CE0-9506-65F035C0331B}.Debug|x64.ActiveCfg = Debug|x64
		{92FDF3DA-7BC4-4CE0-9506-65F035C0331B}.Debug|x64.Build.0 = Debug|x64
		{92FDF3DA-7BC4-4CE0-9506-65F035C0331B}.Debug|x86.ActiveCfg = Debug|Win32
		{92FDF3DA-7BC4-4CE0-9506-65F035C0331B}.Debug|x86.Build.0 = Debug|Win32
		{92FDF3DA-7BC4-4CE0-9506-65F035C0331B}.Release|x64.ActiveCfg = Release|x64
		{92FDF3DA-7BC4-4CE0-9506-65F035C0331B}.Release|x64.Build.0 = Release|x64
		{92FDF3DA-7BC4-4CE0-9506-65F035C0331B}.Release|x86.ActiveCfg = Release|Win32
		{92FDF3DA-7BC4-4CE0-9506-65F035C0331B}.Release|x86.Build.0 = Release|Win32
		{37D4FBCC-2204-4B41-9EEB-EC4F6D5E4268}.Debug|x64.ActiveCfg = Debug|x64
		{37D4FBCC-2204-4B41-9EEB-EC4F6D5E4268}.Debug|x64.Build.0 = Debug|x64
		{37D4FBCC-2204-4B41-9EEB-EC4F6D5E4268}.Debug|x86.ActiveCfg = Debug|Win32
		{37D4FBCC-2204-4B41-9EEB-EC4F6D5E4268}.Debug|x86.Build.0 = Debug|Win32
		{37D4FBCC-2204-4B41-9EEB-EC4F6D5E4268}.Release|x64.ActiveCfg = Release|x64
		{37D4FBCC-2204-4B41-9EEB-EC4F6D5E4268}.Release|x64.Build.0 = Release|x64
		{37D4FBCC-2204-4B41-9EEB-EC4F6D5E4268}.Release|x86.ActiveCfg = Release|Win32
		{37D4FBCC-2204-4B41-9EEB-EC4F6D5E4268}.Release|x86.Build.0 = Release|Win32
		{59C8A76E-3D33-4CDE-A911-719783CDBC82}.Debug|x64.ActiveCfg = Debug|x64
		{59C8A76E-3D33-4CDE-A911-719783CDBC82}.Debug|x64.Build.0 = Debug|x64
		{59C8A76E-3D33-4CDE-A911-719783CDBC82}.Debug|x86.ActiveCfg = Debug|Win32
		{59C8A76E-3D33-4CDE-A911-719783CDBC82}.Debug|x86.Build.0 = Debug|Win32
		{59C8A76E-3D33-4CDE-A911-719783CDBC82}.Release|x64.ActiveCfg = Release|x64
		{59C8A76E-3D33-4CDE-A911-719783CDBC82}.Release|x64.Build.0 = Release|x64
		{59C8A76E-3D33-4CDE-A911-719783CDBC82}.Release|x86.ActiveCfg = Release|Win32
		{59C8A76E-3D33-4CDE-A911-719783CDBC82}.Release|x86.Build.0 = Release|Win32
		{94076F6F-2BE0-46C9-AFE6-B72232C8F2A9}.Debug|x64.ActiveCfg = Debug|x64
		{94076F6F-2BE0-46C9-AFE6-B72232C8F2A9}.Debug|x64.Build.0 = Debug|x64
		{94076F6F-2BE0-46C9-AFE6-B72232C8F2A9}.Debug|x86.ActiveCfg = Debug|Win32
		{94076F6F-2BE0-46C9-AFE6-B72232C8F2A9}.Debug|x86.Build.0 = Debug|Win32
		{94076F6F-2BE0-46C9-AFE6-B72232C8F2A9}.Release|x64.ActiveCfg = Release|x64
		{94076F6F-2BE0-46C9-AFE6-B72232C8F2A9}.Release|x64.Build.0 = Release|x64
		{94076F6F-2BE0-46C9-AFE6-B72232C8F2A9}.Release|x86.ActiveCfg = Release|Win32
		{94076F6F-2BE0-46C9-AFE6-B72232C8F2A9}.Release|x86.Build.0 = Release|Win32
		{837D54BD-CEEB-4D96-AF06-9D54F0FC51CF}.Debug|x64.ActiveCfg = Debug|x64
		{837D54BD-CEEB-4D96-AF06-9D54F0FC51CF}.Debug|x64.Build.0 = Debug|x64
		{837D54BD-CEEB-4D96-AF06-9D54F0FC51CF}.Debug|x86.ActiveCfg = Debug|Win32
		{837D54BD-CEEB-4D96-AF06-9D54F0FC51CF}.Debug|x86.Build.0 = Debug|Win32
		{837D54BD-CEEB-4D96-AF06-9D54F0FC51CF}.Release|x64.ActiveCfg = Release|x64
		{837D54BD-CEEB-4D96-AF06-9D54F0FC51CF}.Release|x64.Build.0 = Release|x64
		{837D54BD-CEEB-4D96-AF06-9D54F0FC51CF}.Release|x86.ActiveCfg = Release|Win32
		{837D54BD-CEEB-4D96-AF06-9D54F0FC51CF}.Release|x86.Build.0 = Release|Win32
		{3287B313-0491-4917-B88E-0A1DDB48E01E}.Debug|x64.ActiveCfg = Debug|x64
		{3287B313-0491-4917-B88E-0A1DDB48E01E}.Debug|x64.Build.0 = Debug|x64
		{3287B313-0491-4917-B88E-0A1DDB48E01E}.Debug|x86.ActiveCfg = Debug|Win32
		{3287B313-0491-4917-B88E-0A1DDB48E01E}.Debug|x86.Build.0 = Debug|Win32
		{3287B313-0491-4917-B88E-0A1DDB48E01E}.Release|x64.ActiveCfg = Release|x64
		{3287B313-0491-4917-B88E-0A1DDB48E01E}.Release|x64.Build.0 = Release|x64
		{3287B313-0491-4917-B88E-0A1DDB48E01E}.Release|x86.ActiveCfg = Release|Win32
		{3287B313-0491-4917-B88E-0A1DDB48E01E}.Release|x86.Build.0 = Release|Win32
		{7A88A9CB-0821-428D-BA64-15807E01DF29}.Debug|x64.ActiveCfg = Debug|x64
		{7A88A9CB-0821-428D-BA64-15807E01DF29}.Debug|x64.Build.0 = Debug|x64
		{7A88A9CB-0821-428D-BA64-15807E01DF29}.Debug|x86.ActiveCfg = Debug|Win32
		{7A88A9CB-0821-428D-BA64-15807E01DF29}.Debug|x86.Build.0 = Debug|Win32
		{7A88A9CB-0821-428D-BA64-15807E01DF29}.Release|x64.ActiveCfg = Release|x64
		{7A88A9CB-0821-428D-BA64-15807E01DF29}.Release|x64.Build.0 = Release|x64
		{7A88A9CB-0821-428D-BA64-15807E01DF29}.Release|x86.ActiveCfg = Release|Win32
		{7A88A9CB-0821-428D-BA64-15807E01DF29}.Release|x86.Build.0 = Release|Win32
		{4FA8A44E-89C6-458E-9935-C7002E5DF32E}.Debug|x64.ActiveCfg = Debug|x64
		{4FA8A44E-89C6-458E-9935-C7002E5DF32E}.Debug|x64.Build.0 = Debug|x64
		{4FA8A44E-89C6-458E-9935-C7002E5DF32E}.Debug|x86.ActiveCfg = Debug|Win32
		{4FA8A44E-89C6-458E-9935-C7002E5DF32E}.Debug|x86.Build.0 = Debug|Win32
		{4FA8A44E-89C6-458E-9935-C7002E5DF32E}.Release|x64.ActiveCfg = Release|x64
		{4FA8A44E-89C6-458E-9935-C7002E5DF32E}.Release|x64.Build.0 = Release|x64
		{4FA8A44E-89C6-458E-9935-C7002E5DF32E}.Release|x86.ActiveCfg = Release|Win32
		{4FA8A44E-89C6-458E-9935-C7002E5DF32E}.Release|x86.Build.0 = Release|Win32
		{0C4C581E-FE9F-48F2-82D7-951AC4CB9275}.Debug|x64.ActiveCfg = Debug|x64
		{0C4C581E-FE9F-48F2-82D7-951AC4CB9275}.Debug|x64.Build.0 = Debug|x64
		{0C4C581E-FE9F-48F2-82D7-951AC4CB9275}.Debug|x86.ActiveCfg = Debug|Win32
		{0C4C581E-FE9F-48F2-82D7-951AC4CB9275}.Debug|x86.Build.0 = Debug|Win32
		{0C4C581E-FE9F-48F2-82D7-951AC4CB9275}.Release|x64.ActiveCfg = Release|x64
		{0C4C581E-FE9F-48F2-82D7-951AC4CB9275}.Release|x64.Build.0 = Release|x64
		{0C4C581E-FE9F-48F2-82D7-951AC4CB9275}.Release|x86.ActiveCfg = Release|Win32
		{0C4C581E-FE9F-48F2-82D7-951AC4CB9275}.Release|x86.Build.0 = Release|Win32
		{947729C1-034F-40F9-8DC8-00F434D0CF15}.Debug|x64.ActiveCfg = Debug|x64
		{947729C1-034F-40F9-8DC8-00F434D0CF15}.Debug|x64.Build.0 = Debug|x64
		{947729C1-034F-40F9-8DC8-00F434D0CF15}.Debug|x86.ActiveCfg = Debug|Win32
		{947729C1-034F-40F9-8DC8-00F434D0CF15}.Debug|x86.Build.0 = Debug|Win32
		{947729C1-034F-40F9-8DC8-00F434D0CF15}.Release|x64.ActiveCfg = Release|x64
		{947729C1-034F-40F9-8DC8-00F434D0CF15}.Release|x64.Build.0 = Release|x64
		{947729C1-034F-40F9-8DC8-00F434D0CF15}.Release|x86.ActiveCfg = Release|Win32
		{947729C1-034F-40F9-8DC8-00F434D0CF15}.Release|x86.Build.0 = Release|Win32
		{9ABE26BF-ABB3-49AF-B029-483B78025549}.Debug|x64.ActiveCfg = Debug|x64
		{9ABE26BF-ABB3-49AF-B029-483B78025549}.Debug|x64.Build.0 = Debug|x64
		{9ABE26BF-ABB3-49AF-B029-483B78025549}.Debug|x86.ActiveCfg = Debug|Win32
		{9ABE26BF-ABB3-49AF-B029-483B78025549}.Debug|x86.Build.0 = Debug|Win32
		{9ABE26BF-ABB3-49AF-B029-483B78025549}.Release|x64.ActiveCfg = Release|x64
		{9ABE26BF-ABB3-49AF-B029-483B78025549}.Release|x64.Build.0 = Release|x64
		{9ABE26BF-ABB3-49AF-B029-483B78025549}.Release|x86.ActiveCfg = Release|Win32
		{9ABE26BF-ABB3-49AF-B029-483B78025549}.Release|x86.Build.0 = Release|Win32
		{858181F6-9A15-4E85-A0C2-A772D8E58B41}.Debug|x64.ActiveCfg = Debug|x64
		{858181F6-9A15-4E85-A0C2-A772D8E58B41}.Debug|x64.Build.0 = Debug|x64
		{858181F6-9A15-4E85-A0C2-A772D8E58B41}.Debug|x86.ActiveCfg = Debug|Win32
		{858181F6-9A15-4E85-A0C2-A772D8E58B41}.Debug|x86.Build.0 = Debug|Win32
		{858181F6-9A15-4E85-A0C2-A772D8E58B41}.Release|x64.ActiveCfg = Release|x64
		{858181F6-9A15-4E85-A0C2-A772D8E58B41}.Release|x64.Build.0 = Release|x64
		{858181F6-9A15-4E85-A0C2-A772D8E58B41}.Release|x86.ActiveCfg = Release|Win32
		{858181F6-9A15-4E85-A0C2-A772D8E58B41}.Release|x86.Build.0 = Release|Win32
		{1F49D49B-A77C-4C57-9D8C-31785612B554}.Debug|x64.ActiveCfg = Debug|x64
		{1F49D49B-A77C-4C57-9D8C-31785612B554}.Debug|x64.Build.0 = Debug|x64
		{1F49D49B-A77C-4C57-9D8C-31785612B554}.Debug|x86.ActiveCfg = Debug|Win32
		{1F49D49B-A77C-4C57-9D8C-31785612B554}.Debug|x86.Build.0 = Debug|Win32
		{1F49D49B-A77C-4C57-9D8C-31785612B554}.Release|x64.ActiveCfg = Release|x64
		{1F49D49B-A77C-4C57-9D8C-31785612B554}.Release|x64.Build.0 = Release|x64
		{1F49D49B-A77C-4C57-9D8C-31785612B554}.Release|x86.ActiveCfg = Release|Win32
		{1F49D49B-A77C-4C57-9D8C-31785612B554}.Release|x86.Build.0 = Release|Win32
		{2F3533C9-9E9D-4DE2-804E-6388F264380E}.Debug|x64.ActiveCfg = Debug|x64
		{2F3533C9-9E9D-4DE2-804E-6388F264380E}.Debug|x64.Build.0 = Debug|x64
		{2F3533C9-9E9D-4DE2-804E-6388F264380E}.Debug|x86.ActiveCfg = Debug|Win32
		{2F3533C9-9E9D-4DE2-804E-6388F264380E}.Debug|x86.Build.0 = Debug|Win32
		{2F3533C9-9E9D-4DE2-804E-6388F264380E}.Release|x64.ActiveCfg = Release|x64
		{2F3533C9-9E9D-4DE2-804E-6388F264380E}.Release|x64.Build.0 = Release|x64
		{2F3533C9-9E9D-4DE2-804E-6388F264380E}.Release|x86.ActiveCfg = Release|Win32
		{2F3533C9-9E9D-4DE2-804E-6388F264380E}.Release|x86.Build.0 = Release|Win32
		{9D6BFDC9-CB44-4E68-A19C-253D243E715E}.Debug|x64.ActiveCfg = Debug|x64
		{9D6BFDC9-CB44-4E68-A19C-253D243E715E}.Debug|x64.Build.0 = Debug|x64
		{9D6BFDC9-CB44-4E68-A19C-253D243E715E}.Debug|x86.ActiveCfg = Debug|Win32
		{9D6BFDC9-CB44-4E68-A19C-253D243E715E}.Debug|x86.Build.0 = Debug|Win32
		{9D6BFDC9-CB44-4E68-A19C-253D243E715E}.Release|x64.ActiveCfg = Release|x64
		{9D6BFDC9-CB44-4E68-A19C-253D243E715E}.Release|x64.Build.0 = Release|x64
		{9D6BFDC9-CB44-4E68-A19C-253D243E715E}.Release|x86.ActiveCfg = Release|Win32
		{9D6BFDC9-CB44-4E68-A19C-253D243E715E}.Release|x86.Build.0 = Release|Win32
		{08FD46B5-8493-42E9-8E04-8565383A5689}.Debug|x64.ActiveCfg = Debug|x64
		{08FD46B5-8493-42E9-8E04-8565383A5689}.Debug|x64.Build.0 = Debug|x64
		{08FD46B5-8493-42E9-8E04-8565383A5689}.Debug|x86.ActiveCfg = Debug|Win32
		{08FD46B5-8493-42E9-8E04-8565383A5689}.Debug|x86.Build.0 = Debug|Win32
		{08FD46B5-8493-42E9-8E04-8565383A5689}.Release|x64.ActiveCfg = Release|x64
		{08FD46B5-8493-42E9-8E04-8565383A5689}.Release|x64.Build.0 = Release|x64
		{08FD46B5-8493-42E9-8E04-8565383A5689}.Release|x86.ActiveCfg = Release|Win32
		{08FD46B5-8493-42E9-8E04-8565383A5689}.Release|x86.Build.0 = Release|Win32
		{BA759AB0-6D36-4985-9C5D-7CC80CCD3083}.Debug|x64.ActiveCfg = Debug|x64
		{BA759AB0-6D36-4985-9C5D-7CC80CCD3083}.Debug|x64.Build.0 = Debug|x64
		{BA759AB0-6D36-4985-9C5D-7CC80CCD3083}.Debug|x86.ActiveCfg = Debug|Win32
		{BA759AB0-6D36-4985-9C5D-7CC80CCD3083}.Debug|x86.Build.0 = Debug|Win32
		{BA759AB0-6D36-4985-9C5D-7CC80CCD3083}.Release|x64.ActiveCfg = Release|x64
		{BA759AB0-6D36-4985-9C5D-7CC80CCD3083}.Release|x64.Build.0 = Release|x64
		{BA759AB0-6D36-4985-9C5D-7CC80CCD3083}.Release|x86.ActiveCfg = Release|Win32
		{BA759AB0-6D36-4985-9C5D-7CC80CCD3083}.Release|x86.Build.0 = Release|Win32
		{80692EF2-B821-419D-8644-1C5EE92568B2}.Debug|x64.ActiveCfg = Debug|x64
		{80692EF2-B821-419D-8644-1C5EE92568B2}.Debug|x64.Build.0 = Debug|x64
		{80692EF2-B821-419D-8644-1C5EE92568B2}.Debug|x86.ActiveCfg = Debug|Win32
		{80692EF2-B821-419D-8644-1C5EE92568B2}.Debug|x86.Build.0 = Debug|Win32
		{80692EF2-B821-419D-8644-1C5EE92568B2}.Release|x64.ActiveCfg = Release|x64
		{80692EF2-B821-419D-8644-1C5EE92568B2}.Release|x64.Build.0 = Release|x64
		{80692EF2-B821-419D-8644-1C5EE92568B2}.Release|x86.ActiveCfg = Release|Win32
		{80692EF2-B821-419D-8644-1C5EE92568B2}.Release|x86.Build.0 = Release|Win32
		{E801431B-4B0E-4098-906C-CC8ADF2B70BD}.Debug|x64.ActiveCfg = Debug|x64
		{E801431B-4B0E-4098-906C-CC8ADF2B70BD}.Debug|x64.Build.0 = Debug|x64
		{E801431B-4B0E-4098-906C-CC8ADF2B70BD}.Debug|x86.ActiveCfg = Debug|Win32
		{E801431B-4B0E-4098-906C-CC8ADF2B70BD}.Debug|x86.Build.0 = Debug|Win32
		{E801431B-4B0E-4098-906C-CC8ADF2B70BD}.Release|x64.ActiveCfg = Release|x64
		{E801431B-4B0E-4098-906C-CC8ADF2B70BD}.Release|x64.Build.0 = Release|x64
		{E801431B-4B0E-4098-906C-CC8ADF2B70BD}.Release|x86.ActiveCfg = Release|Win32
		{E801431B-4B0E-4098-906C-CC8ADF2B70BD}.Release|x86.Build.0 = Release|Win32
		{0995CD7F-AC6A-4967-8BEF-8856DFCE0A8D}.Debug|x64.ActiveCfg = Debug|x64
		{0995CD7F-AC6A-4967-8BEF-8856DFCE0A8D}.Debug|x64.Build.0 = Debug|x64
		{0995CD7F-AC6A-4967-8BEF-8856DFCE0A8D}.Debug|x86.ActiveCfg = Debug|Win32
		{0995CD7F-AC6A-4967-8BEF-8856DFCE0A8D}.Debug|x86.Build.0 = Debug|Win32
		{0995CD7F-AC6A-4967-8BEF-8856DFCE0A8D}.Release|x64.ActiveCfg = Release|x64
		{0995CD7F-AC6A-4967-8BEF-8856DFCE0A8D}.Release|x64.Build.0 = Release|x64
		{0995CD7F-AC6A-4967-8BEF-8856DFCE0A8D}.Release|x86.ActiveCfg = Release|Win32
		{0995CD7F-AC6A-4967-8BEF-8856DFCE0A8D}.Release|x86.Build.0 = Release|Win32
		{CCA5E18C-5479-41B6-9534-48A6C4E6D8E6}.Debug|x64.ActiveCfg = Debug|x64
		{CCA5E18C-5479-41B6-9534-48A6C4E6D8E6}.Debug|x64.Build.0 = Debug|x64
		{CCA5E18C-5479-41B6-9534-48A6C4E6D8E6}.Debug|x86.ActiveCfg = Debug|Win32
		{CCA5E18C-5479-41B6-9534-48A6C4E6D8E6}.Debug|x86.Build.0 = Debug|Win32
		{CCA5E18C-5479-41B6-9534-48A6C4E6D8E6}.Release|x64.ActiveCfg = Release|x64
		{CCA5E18C-5479-41B6-9534-48A6C4E6D8E6}.Release|x64.Build.0 = Release|x64
		{CCA5E18C-5479-41B6-9534-48A6C4E6D8E6}.Release|x86.ActiveCfg = Release|Win32
		{CCA5E18C-5479-41B6-9534-48A6C4E6D8E6}.Release|x86.Build.0 = Release|Win32
		{399EDE3C-4973-4A90-88ED-17B1CA472785}.Debug|x64.ActiveCfg = Debug|x64
		{399EDE3C-4973-4A90-88ED-17B1CA472785}.Debug|x64.Build.0 = Debug|x64
		{399EDE3C-4973-4A90-88ED-17B1CA472785}.Debug|x86.ActiveCfg = Debug|Win32
		{399EDE3C-4973-4A90-88ED-17B1CA472785}.Debug|x86.Build.0 = Debug|Win32
		{399EDE3C-4973-4A90-88ED-17B1CA472785}.Release|x64.ActiveCfg = Release|x64
		{399EDE3C-4973-4A90-88ED-17B1CA472785}.Release|x64.Build.0 = Release|x64
		{399EDE3C-4973-4A90-88ED-17B1CA472785}.Release|x86.ActiveCfg = Release|Win32
		{399EDE3C-4973-4A90-88ED-17B1CA472785}.Release|x86.Build.0 = Release|Win32
		{833AEFDC-6484-4F50-8129-3D7CFDE1657D}.Debug|x64.ActiveCfg = Debug|x64
		{833AEFDC-6484-4F50-8129-3D7CFDE1657D}.Debug|x64.Build.0 = Debug|x64
		{833AEFDC-6484-4F50-8129-3D7CFDE1657D}.Debug|x86.ActiveCfg = Debug|Win32
		{833AEFDC-6484-4F50-8129-3D7CFDE1657D}.Debug|x86.Build.0 = Debug|Win32
		{833AEFDC-6484-4F50-8129-3D7CFDE1657D}.Release|x64.ActiveCfg = Release|x64
		{833AEFDC-6484-4F50-8129-3D7CFDE1657D}.Release|x64.Build.0 = Release|x64
		{833AEFDC-6484-4F50-8129-3D7CFDE1657D}.Release|x86.ActiveCfg = Release|Win32
		{833AEFDC-6484-4F50-8129-3D7CFDE1657D}.Release|x86.Build.0 = Release|Win32
		{66D1092E-7E75-4ADD-A9BF-A9B337BC4B02}.Debug|x64.ActiveCfg = Debug|x64
		{66D1092E-7E75-4ADD-A9BF-A9B337BC4B02}.Debug|x64.Build.0 = Debug|x64
		{66D1092E-7E75-4ADD-A9BF-A9B337BC4B02}.Debug|x86.ActiveCfg = Debug|Win32
		{66D1092E-7E75-4ADD-A9BF-A9B337BC4B02}.Debug|x86.Build.0 = Debug|Win32
		{66D1092E-7E75-4ADD-A9BF-A9B337BC4B02}.Release|x64.ActiveCfg = Release|x64
		{66D1092E-7E75-4ADD-A9BF-A9B337BC4B02}.Release|x64.Build.0 = Release|x64
		{66D1092E-7E75-4ADD-A9BF-A9B337BC4B02}.Release|x86.ActiveCfg = Release|Win32
		{66D1092E-7E75-4ADD-A9BF-A9B337BC4B02}.Release|x86.Build.0 = Release|Win32
		{CB0811F9-1250-43E5-9467-F3E22E12DCB9}.Debug|x64.ActiveCfg = Debug|x64
		{CB0811F9-1250-43E5-9467-F3E22E12DCB9}.Debug|x64.Build.0 = Debug|x64
		{CB0811F9-1250-43E5-9467-F3E22E12DCB9}.Debug|x86.ActiveCfg = Debug|Win32
		{CB0811F9-1250-43E5-9467-F3E22E12DCB9}.Debug|x86.Build.0 = Debug|Win32
		{CB0811F9-1250-43E5-9467-F3E22E12DCB9}.Release|x64.ActiveCfg = Release|x64
		{CB0811F9-1250-43E5-9467-F3E22E12DCB9}.Release|x64.Build.0 = Release|x64
		{CB0811F9-1250-43E5-9467-F3E22E12DCB9}.Release|x86.ActiveCfg = Release|Win32
		{CB0811F9-1250-43E5-9467-F3E22E12DCB9}.Release|x86.Build.0 = Release|Win32
		{45A7907C-6736-4132-93C5-46AF27C59D45}.Debug|x64.ActiveCfg = Debug|x64
		{45A7907C-6736-4132-93C5-46AF27C59D45}.Debug|x64.Build.0 = Debug|x64
		{45A7907C-6736-4132-93C5-46AF27C59D45}.Debug|x86.ActiveCfg = Debug|Win32
		{45A7907C-6736-4132-93C5-46AF27C59D45}.Debug|x86.Build.0 = Debug|Win32
		{45A7907C-6736-4132-93C5-46AF27C59D45}.Release|x64.ActiveCfg = Release|x64
		{45A7907C-6736-4132-93C5-46AF27C59D45}.Release|x64.Build.0 = Release|x64
		{45A7907C-6736-4132-93C5-46AF27C59D45}.Release|x86.ActiveCfg = Release|Win32
		{45A7907C-6736-4132-93C5-46AF27C59D45}.Release|x86.Build.0 = Release|Win32
		{E16897AC-3622-4BFF-B818-2802E2E611B0}.Debug|x64.ActiveCfg = Debug|x64
		{E16897AC-3622-4BFF-B818-2802E2E611B0}.Debug|x64.Build.0 = Debug|x64
		{E16897AC-3622-4BFF-B818-2802E2E611B0}.Debug|x86.ActiveCfg = Debug|Win32
		{E16897AC-3622-4BFF-B818-2802E2E611B0}.Debug|x86.Build.0 = Debug|Win32
		{E16897AC-3622-4BFF-B818-2802E2E611B0}.Release|x64.ActiveCfg = Release|x64
		{E16897AC-3622-4BFF-B818-2802E2E611B0}.Release|x64.Build.0 = Release|x64
		{E16897AC-3622-4BFF-B818-2802E2E611B0}.Release|x86.ActiveCfg = Release|Win32
		{E16897AC-3622-4BFF-B818-2802E2E611B0}.Release|x86.Build.0 = Release|Win32
		{C6F873EE-58BC-4445-9BBD-5E570589DFE8}.Debug|x64.ActiveCfg = Debug|x64
		{C6F873EE-58BC-4445-9BBD-5E570589DFE8}.Debug|x64.Build.0 = Debug|x64
		{C6F873EE-58BC-4445-9BBD-5E570589DFE8}.Debug|x86.ActiveCfg = Debug|Win32
		{C6F873EE-58BC-4445-9BBD-5E570589DFE8}.Debug|x86.Build.0 = Debug|Win32
		{C6F873EE-58BC-4445-9BBD-5E570589DFE8}.Release|x64.ActiveCfg = Release|x64
		{C6F873EE-58BC-4445-9BBD-5E570589DFE8}.Release|x64.Build.0 = Release|x64
		{C6F873EE-58BC-4445-9BBD-5E570589DFE8}.Release|x86.ActiveCfg = Release|Win32
		{C6F873EE-58BC-4445-9BBD-5E570589DFE8}.Release|x86.Build.0 = Release|Win32
		{7501C7BE-CB1D-4440-9018-B0CA19E33488}.Debug|x64.ActiveCfg = Debug|x64
		{7501C7BE-CB1D-4440-9018-B0CA19E33488}.Debug|x64.Build.0 = Debug|x64
		{7501C7BE-CB1D-4440-9018-B0CA19E33488}.Debug|x86.ActiveCfg = Debug|Win32
		{7501C7BE-CB1D-4440-9018-B0CA19E33488}.Debug|x86.Build.0 = Debug|Win32
		{7501C7BE-CB1D-4440-9018-B0CA19E33488}.Release|x64.ActiveCfg = Release|x64
		{7501C7BE-CB1D-4440-9018-B0CA19E33488}.Release|x64.Build.0 = Release|x64
		{7501C7BE-CB1D-4440-9018-B0CA19E33488}.Release|x86.ActiveCfg = Release|Win32
		{7501C7BE-CB1D-4440-9018-B0CA19E33488}.Release|x86.Build.0 = Release|Win32
		{34B927CB-C0A8-4716-B56D-EEC3BF9EE5A1}.Debug|x64.ActiveCfg = Debug|x64
		{34B927CB-C0A8-4716-B56D-EEC3BF9EE5A1}.Debug|x64.Build.0 = Debug|x64
		{34B927CB-C0A8-4716-B56D-EEC3BF9EE5A1}.Debug|x86.ActiveCfg = Debug|Win32
		{34B927CB-C0A8-4716-B56D-EEC3BF9EE5A1}.Debug|x86.Build.0 = Debug|Win32
		{34B927CB-C0A8-4716-B56D-EEC3BF9EE5A1}.Release|x64.ActiveCfg = Release|x64
		{34B927CB-C0A8-4716-B56D-EEC3BF9EE5A1}.Release|x64.Build.0 = Release|x64
		{34B927CB-C0A8-4716-B56D-EEC3BF9EE5A1}.Release|x86.ActiveCfg = Release|Win32
		{34B927CB-C0A8-4716-B56D-EEC3BF9EE5A1}.Release|x86.Build.0 = Release|Win32
		{E06910D8-8898-482F-85A7-2BBDA386BE6D}.Debug|x64.ActiveCfg = Debug|x64
		{E06910D8-8898-482F-85A7-2BBDA386BE6D}.Debug|x64.Build.0 = Debug|x64
		{E06910D8-8898-482F-85A7-2BBDA386BE6D}.Debug|x86.ActiveCfg = Debug|Win32
		{E06910D8-8898-482F-85A7-2BBDA386BE6D}.Debug|x86.Build.0 = Debug|Win32
		{E06910D8-8898-482F-85A7-2BBDA386BE6D}.Release|x64.ActiveCfg = Release|x64
		{E06910D8-8898-482F-85A7-2BBDA386BE6D}.Release|x64.Build.0 = Release|x64
		{E06910D8-8898-482F-85A7-2BBDA386BE6D}.Release|x86.ActiveCfg = Release|Win32
		{E06910D8-8898-482F-85A7-2BBDA386BE6D}.Release|x86.Build.0 = Release|Win32
		{EC4AC012-FD15-4BC6-BCEB-7818D0BD93CE}.Debug|x64.ActiveCfg = Debug|x64
		{EC4AC012-FD15-4BC6-BCEB-7818D0BD93CE}.Debug|x64.Build.0 = Debug|x64
		{EC4AC012-FD15-4BC6-BCEB-7818D0BD93CE}.Debug|x86.ActiveCfg = Debug|Win32
		{EC4AC012-FD15-4BC6-BCEB-7818D0BD93CE}.Debug|x86.Build.0 = Debug|Win32
		{EC4AC012-FD15-4BC6-BCEB-7818D0BD93CE}.Release|x64.ActiveCfg = Release|x64
		{EC4AC012-FD15-4BC6-BCEB-7818D0BD93CE}.Release|x64.Build.0 = Release|x64
		{EC4AC012-FD15-4BC6-BCEB-7818D0BD93CE}.Release|x86.ActiveCfg = Release|Win32
		{EC4AC012-FD15-4BC6-BCEB-7818D0BD93CE}.Release|x86.Build.0 = Release|Win32
		{B6363B65-1649-409A-B209-3C9E4A050C6C}.Debug|x64.ActiveCfg = Debug|x64
		{B6363B65-1649-409A-B209-3C9E4A050C6C}.Debug|x64.Build.0 = Debug|x64
		{B6363B65-1649-409A-B209-3C9E4A050C6C}.Debug|x86.ActiveCfg = Debug|Win32
		{B6363B65-1649-409A-B209-3C9E4A050C6C}.Debug|x86.Build.0 = Debug|Win32
		{B6363B65-1649-409A-B209-3C9E4A050C6C}.Release|x64.ActiveCfg = Release|x64
		{B6363B65-1649-409A-B209-3C9E4A050C6C}.Release|x64.Build.0 = Release|x64
		{B6363B65-1649-409A-B209-3C9E4A050C6C}.Release|x86.ActiveCfg = Release|Win32
		{B6363B65-1649-409A-B209-3C9E4A050C6C}.Release|x86.Build.0 = Release|Win32
		{18F5C9AD-4D51-4A72-8FEC-24A81B338CE4}.Debug|x64.ActiveCfg = Debug|x64
		{18F5C9AD-4D51-4A72-8FEC-24A81B338CE4}.Debug|x64.Build.0 = Debug|x64
		{18F5C9AD-4D51-4A72-8FEC-24A81B338CE4}.Debug|x86.ActiveCfg = Debug|Win32
		{18F5C9AD-4D51-4A72-8FEC-24A81B338CE4}.Debug|x86.Build.0 = Debug|Win32
		{18F5C9AD-4D51-4A72-8FEC-24A81B338CE4}.Release|x64.ActiveCfg = Release|x64
		{18F5C9AD-4D51-4A72-8FEC-24A81B338CE4}.Release|x64.Build.0 = Release|x64
		{18F5C9AD-4D51-4A72-8FEC-24A81B338CE4}.Release|x86.ActiveCfg = Release|Win32
		{18F5C9AD-4D51-4A72-8FEC-24A81B338CE4}.Release|x86.Build.0 = Release|Win32
		{D5D393B7-1047-442E-9EEF-F1BE00DC0406}.Debug|x64.ActiveCfg = Debug|x64
		{D5D393B7-1047-442E-9EEF-F1BE00DC0406}.Debug|x64.Build.0 = Debug|x64
		{D5D393B7-1047-442E-9EEF-F1BE00DC0406}.Debug|x86.ActiveCfg = Debug|Win32
		{D5D393B7-1047-442E-9EEF-F1BE00DC0406}.Debug|x86.Build.0 = Debug|Win32
		{D5D393B7-1047-442E-9EEF-F1BE00DC0406}.Release|x64.ActiveCfg = Release|x64
		{D5D393B7-1047-442E-9EEF-F1BE00DC0406}.Release|x64.Build.0 = Release|x64
		{D5D393B7-1047-442E-9EEF-F1BE00DC0406}.Release|x86.ActiveCfg = Release|Win32
		{D5D393B7-1047-442E-9EEF-F1BE00DC0406}.Release|x86.Build.0 = Release|Win32
		{353569F0-4415-4E6D-BF46-28246681824A}.Debug|x64.ActiveCfg = Debug|x64
		{353569F0-4415-4E6D-BF46-28246681824A}.Debug|x64.Build.0 = Debug|x64
		{353569F0-4415-4E6D-BF46-28246681824A}.Debug|x86.ActiveCfg = Debug|Win32
		{353569F0-4415-4E6D-BF46-28246681824A}.Debug|x86.Build.0 = Debug|Win32
		{353569F0-4415-4E6D-BF46-28246681824A}.Release|x64.ActiveCfg = Release|x64
		{353569F0-4415-4E6D-BF46-28246681824A}.Release|x64.Build.0 = Release|x64
		{353569F0-4415-4E6D-BF46-28246681824A}.Release|x86.ActiveCfg = Release|Win32
		{353569F0-4415-4E6D-BF46-28246681824A}.Release|x86.Build.0 = Release|Win32
		{E7841068-4836-4E8C-B1CE-AFCE4671A673}.Debug|x64.ActiveCfg = Debug|x64
		{E7841068-4836-4E8C-B1CE-AFCE4671A673}.Debug|x64.Build.0 = Debug|x64
		{E7841068-4836-4E8C-B1CE-AFCE4671A673}.Debug|x86.ActiveCfg = Debug|Win32
		{E7841068-4836-4E8C-B1CE-AFCE4671A673}.Debug|x86.Build.0 = Debug|Win32
		{E7841068-4836-4E8C-B1CE-AFCE4671A673}.Release|x64.ActiveCfg = Release|x64
		{E7841068-4836-4E8C-B1CE-AFCE4671A673}.Release|x64.Build.0 = Release|x64
		{E7841068-4836-4E8C-B1CE-AFCE4671A673}.Release|x86.ActiveCfg = Release|Win32
		{E7841068-4836-4E8C-B1CE-AFCE4671A673}.Release|x86.Build.0 = Release|Win32
		{CB5E6E9F-B071-48E5-8E70-18927B1A9C6E}.Debug|x64.ActiveCfg = Debug|x64
		{CB5E6E9F-B071-48E5-8E70-18927B1A9C6E}.Debug|x64.Build.0 = Debug|x64
		{CB5E6E9F-B071-48E5-8E70-18927B1A9C6E}.Debug|x86.ActiveCfg = Debug|Win32
		{CB5E6E9F-B071-48E5-8E70-18927B1A9C6E}.Debug|x86.Build.0 = Debug|Win32
		{CB5E6E9F-B071-48E5-8E70-18927B1A9C6E}.Release|x64.ActiveCfg = Release|x64
		{CB5E6E9F-B071-48E5-8E70-18927B1A9C6E}.Release|x64.Build.0 = Release|x64
		{CB5E6E9F-B071-48E5-8E70-18927B1A9C6E}.Release|x86.ActiveCfg = Release|Win32
		{CB5E6E9F-B071-48E5-8E70-18927B1A9C6E}.Release|x86.Build.0 = Release|Win32
	EndGlobalSection
	GlobalSection(SolutionProperties) = preSolution
		HideSolutionNode = FALSE
	EndGlobalSection
	GlobalSection(NestedProjects) = preSolution
		{924874CF-7796-4BCD-81BF-40EAEBA42B3E} = {6086D6D8-BA53-4024-B791-8CAC048AA7C5}
		{A993E6E9-AEEB-4C94-86A3-268CCCA7FBE3} = {6086D6D8-BA53-4024-B791-8CAC048AA7C5}
		{0D9FDC6F-297C-4010-856D-D238B7E3CF34} = {4334B5DA-F72E-4AD2-98F1-D14C3915849B}
		{B939E80D-BA07-4431-94CD-34BC98E7C2D1} = {6086D6D8-BA53-4024-B791-8CAC048AA7C5}
		{37D4FBCC-2204-4B41-9EEB-EC4F6D5E4268} = {6086D6D8-BA53-4024-B791-8CAC048AA7C5}
		{837D54BD-CEEB-4D96-AF06-9D54F0FC51CF} = {6086D6D8-BA53-4024-B791-8CAC048AA7C5}
		{947729C1-034F-40F9-8DC8-00F434D0CF15} = {6086D6D8-BA53-4024-B791-8CAC048AA7C5}
		{9ABE26BF-ABB3-49AF-B029-483B78025549} = {6086D6D8-BA53-4024-B791-8CAC048AA7C5}
		{399EDE3C-4973-4A90-88ED-17B1CA472785} = {E6F9BEAF-6E6A-4219-98C8-C17ADD60B3D2}
		{E16897AC-3622-4BFF-B818-2802E2E611B0} = {E591462C-30BA-4553-8397-AB3B84D50DCB}
		{C6F873EE-58BC-4445-9BBD-5E570589DFE8} = {6086D6D8-BA53-4024-B791-8CAC048AA7C5}
		{7501C7BE-CB1D-4440-9018-B0CA19E33488} = {E591462C-30BA-4553-8397-AB3B84D50DCB}
		{EC4AC012-FD15-4BC6-BCEB-7818D0BD93CE} = {E6F9BEAF-6E6A-4219-98C8-C17ADD60B3D2}
		{B6363B65-1649-409A-B209-3C9E4A050C6C} = {E6F9BEAF-6E6A-4219-98C8-C17ADD60B3D2}
		{18F5C9AD-4D51-4A72-8FEC-24A81B338CE4} = {E6F9BEAF-6E6A-4219-98C8-C17ADD60B3D2}
	EndGlobalSection
	GlobalSection(ExtensibilityGlobals) = postSolution
		SolutionGuid = {405EF82A-9D08-4308-9943-5DA02BB57705}
	EndGlobalSection
EndGlobal
